
Microsoft Visual Studio Solution File, Format Version 12.00
# Visual Studio Version 17
VisualStudioVersion = 17.5.33516.290
MinimumVisualStudioVersion = 10.0.40219.1
Project("{8BC9CEB8-8B4A-11D0-8D11-00A0C91BC942}") = "001模板的基本语法", "001模板的基本语法\001模板的基本语法.vcxproj", "{E723D576-AFF6-46D8-BD44-46CD7705C1B0}"
EndProject
Project("{8BC9CEB8-8B4A-11D0-8D11-00A0C91BC942}") = "002函数模板注意事项", "002函数模板注意事项\002函数模板注意事项.vcxproj", "{D284013D-7D01-4EF8-B25F-1F6B22824A32}"
EndProject
Project("{8BC9CEB8-8B4A-11D0-8D11-00A0C91BC942}") = "003函数模板案例：数组排序", "003函数模板案例：数组排序\003函数模板案例：数组排序.vcxproj", "{9083EBFC-4F5C-4D8D-BDCF-0C86BFF09E9F}"
EndProject
Project("{8BC9CEB8-8B4A-11D0-8D11-00A0C91BC942}") = "004普通函数与模板函数的区别", "004普通函数与模板函数的区别\004普通函数与模板函数的区别.vcxproj", "{71932C78-C5A6-4303-8A0E-2FB9E9DA4DFC}"
EndProject
Project("{8BC9CEB8-8B4A-11D0-8D11-00A0C91BC942}") = "005普通函数与模板函数的调用规则", "005普通函数与模板函数的调用规则\005普通函数与模板函数的调用规则.vcxproj", "{FD897499-F7D1-4980-9E7C-93BB60C9F095}"
EndProject
Project("{8BC9CEB8-8B4A-11D0-8D11-00A0C91BC942}") = "006具体化模板", "006具体化模板\006具体化模板.vcxproj", "{E04A8199-B54D-46A7-A9D8-F6AC4A3F2F52}"
EndProject
Project("{8BC9CEB8-8B4A-11D0-8D11-00A0C91BC942}") = "007类模板", "007类模板\007类模板.vcxproj", "{D3A98677-F35F-4EF3-B2B5-92B88696DE57}"
EndProject
Project("{8BC9CEB8-8B4A-11D0-8D11-00A0C91BC942}") = "008类模板和函数模板的区别", "008类模板和函数模板的区别\008类模板和函数模板的区别.vcxproj", "{A802DCCD-398A-4C9C-90A4-E84232865C7A}"
EndProject
Project("{8BC9CEB8-8B4A-11D0-8D11-00A0C91BC942}") = "009类模板中成员函数创建时机", "009类模板中成员函数创建时机\009类模板中成员函数创建时机.vcxproj", "{F5094927-57D8-4BC5-8B5F-35F5B7BC23E9}"
EndProject
Project("{8BC9CEB8-8B4A-11D0-8D11-00A0C91BC942}") = "010类模板对象做函数参数", "010类模板对象做函数参数\010类模板对象做函数参数.vcxproj", "{E0D2CBC6-EFC6-432C-B6EF-726A894FDFD3}"
EndProject
Project("{8BC9CEB8-8B4A-11D0-8D11-00A0C91BC942}") = "011类模板与继承", "011类模板与继承\011类模板与继承.vcxproj", "{D9A5F391-8E9A-4CFF-815E-124B0EDB3A03}"
EndProject
Project("{8BC9CEB8-8B4A-11D0-8D11-00A0C91BC942}") = "012成员函数类外实现", "012成员函数类外实现\012成员函数类外实现.vcxproj", "{B17D7A3F-A08A-4D77-B380-84511F6320D5}"
EndProject
Project("{8BC9CEB8-8B4A-11D0-8D11-00A0C91BC942}") = "013类模板分文件编写", "013类模板分文件编写\013类模板分文件编写.vcxproj", "{C5488664-8482-4962-9D25-3CB0DE9FCFF5}"
EndProject
Project("{8BC9CEB8-8B4A-11D0-8D11-00A0C91BC942}") = "014类模板与友元", "014类模板与友元\014类模板与友元.vcxproj", "{CFAAA1B2-3262-4F0A-A447-FE007896B9F9}"
EndProject
Project("{8BC9CEB8-8B4A-11D0-8D11-00A0C91BC942}") = "015类模板案例：数组封装", "015类模板案例：数组封装\015类模板案例：数组封装.vcxproj", "{095243A8-8DAA-421A-BC34-B2DD4EBE972E}"
EndProject
Project("{8BC9CEB8-8B4A-11D0-8D11-00A0C91BC942}") = "016 STL-vector存放内置数据类型", "016stl-vector存放内置数据类型\016stl-vector存放内置数据类型.vcxproj", "{414DE113-FFA7-4C58-A9F1-03DBC0A26D40}"
EndProject
Project("{8BC9CEB8-8B4A-11D0-8D11-00A0C91BC942}") = "017 vector存放自定义数据类型", "017 vector存放自定义数据类型\017 vector存放自定义数据类型.vcxproj", "{C8A3F62E-0ECD-4F65-931E-DAD2E89CA42B}"
EndProject
Project("{8BC9CEB8-8B4A-11D0-8D11-00A0C91BC942}") = "018 vector容器嵌套容器", "018 vector容器嵌套容器\018 vector容器嵌套容器.vcxproj", "{5D98F8F1-1617-4393-9B00-5F213E9C58C9}"
EndProject
Project("{8BC9CEB8-8B4A-11D0-8D11-00A0C91BC942}") = "019 string构造函数", "019 string构造函数\019 string构造函数.vcxproj", "{3CE4C5A1-A3C3-4DBD-B95C-EBB155B91465}"
EndProject
Project("{8BC9CEB8-8B4A-11D0-8D11-00A0C91BC942}") = "020 string赋值操作", "020 string赋值操作\020 string赋值操作.vcxproj", "{87A2EC86-C31B-40FB-B076-31075DF632AA}"
EndProject
Project("{8BC9CEB8-8B4A-11D0-8D11-00A0C91BC942}") = "021 string字符串拼接", "021 string字符串拼接\021 string字符串拼接.vcxproj", "{EAC602C0-C767-4C0C-BCA4-230E5CEDC357}"
EndProject
Project("{8BC9CEB8-8B4A-11D0-8D11-00A0C91BC942}") = "022 string查找和替换", "022 string查找和替换\022 string查找和替换.vcxproj", "{DDC0BC80-8C15-45BF-9FBF-FD21335DD936}"
EndProject
Project("{8BC9CEB8-8B4A-11D0-8D11-00A0C91BC942}") = "023 string字符串比较", "023 string字符串比较\023 string字符串比较.vcxproj", "{D7D8CE6C-B54B-4C29-B46F-37E1415CFF8B}"
EndProject
Project("{8BC9CEB8-8B4A-11D0-8D11-00A0C91BC942}") = "024 string字符串存取", "024 string字符串存取\024 string字符串存取.vcxproj", "{090103C8-20DC-4930-9F30-D8157689C23A}"
EndProject
Project("{8BC9CEB8-8B4A-11D0-8D11-00A0C91BC942}") = "025 string插入和删除", "025 string插入和删除\025 string插入和删除.vcxproj", "{C586334E-A98E-463A-8BAF-D45AE54EF297}"
EndProject
Project("{8BC9CEB8-8B4A-11D0-8D11-00A0C91BC942}") = "026 string子串", "026 string子串\026 string子串.vcxproj", "{8B3A398B-0D9D-4596-A15E-727933DE88F0}"
EndProject
Project("{8BC9CEB8-8B4A-11D0-8D11-00A0C91BC942}") = "027 vector构造函数", "027 vector构造函数\027 vector构造函数.vcxproj", "{BD666CC6-0881-4F94-AAEA-FD5EEAF914D0}"
EndProject
Project("{8BC9CEB8-8B4A-11D0-8D11-00A0C91BC942}") = "028 vector赋值操作", "028 vector赋值操作\028 vector赋值操作.vcxproj", "{3B609B0B-8A04-4A0C-AA5E-B3C7B11F349C}"
EndProject
Project("{8BC9CEB8-8B4A-11D0-8D11-00A0C91BC942}") = "029 vector容量和大小", "029 vector容量和大小\029 vector容量和大小.vcxproj", "{739E470F-39B8-4E05-914E-D9BBA73652E7}"
EndProject
Project("{8BC9CEB8-8B4A-11D0-8D11-00A0C91BC942}") = "030 vector插入和删除", "30 vector插入和删除\30 vector插入和删除.vcxproj", "{E6C65AAB-FAE1-4B9B-8063-C76C1A931CBC}"
EndProject
Project("{8BC9CEB8-8B4A-11D0-8D11-00A0C91BC942}") = "031 vector数据存取", "031 vector数据存取\031 vector数据存取.vcxproj", "{683D07C4-8FBD-43B6-9917-081BC00178F1}"
EndProject
Project("{8BC9CEB8-8B4A-11D0-8D11-00A0C91BC942}") = "032 vector互换容器", "032 vector互换容器\032 vector互换容器.vcxproj", "{4F62C1C1-1BBD-4BFF-A3CB-48D6FAD71209}"
EndProject
Project("{8BC9CEB8-8B4A-11D0-8D11-00A0C91BC942}") = "033 vector预留空间", "033 vector预留空间\033 vector预留空间.vcxproj", "{58B9FBFF-406B-4A17-B0F6-2F425F955BAB}"
EndProject
Project("{8BC9CEB8-8B4A-11D0-8D11-00A0C91BC942}") = "034 deque构造函数", "034 deque构造函数\034 deque构造函数.vcxproj", "{EBEFD67E-CCD9-4C57-8235-AFDC55D9F8F5}"
EndProject
Project("{8BC9CEB8-8B4A-11D0-8D11-00A0C91BC942}") = "035 deque等号赋值操作", "035 deque等号赋值操作\035 deque等号赋值操作.vcxproj", "{DAB418F0-51D5-44FA-A45F-6AB521FE3872}"
EndProject
Project("{8BC9CEB8-8B4A-11D0-8D11-00A0C91BC942}") = "036 deque大小操作", "036 deque大小操作\036 deque大小操作.vcxproj", "{0E22C8FF-256F-4C13-B29D-0FEE32DE0918}"
EndProject
Project("{8BC9CEB8-8B4A-11D0-8D11-00A0C91BC942}") = "037 deque插入和删除", "037 deque插入和删除\037 deque插入和删除.vcxproj", "{6423FC1D-F4DB-46DB-88CB-5F25F36CD396}"
EndProject
Project("{8BC9CEB8-8B4A-11D0-8D11-00A0C91BC942}") = "039 deque数据存取", "038 deque数据存取\038 deque数据存取.vcxproj", "{7131BE79-EF96-4609-8042-25A1F4CE4785}"
EndProject
Project("{8BC9CEB8-8B4A-11D0-8D11-00A0C91BC942}") = "038 deque排序", "038 deque排序\038 deque排序.vcxproj", "{EBDA59B4-CEFF-493E-9537-9A404FE0FB3A}"
EndProject
Project("{8BC9CEB8-8B4A-11D0-8D11-00A0C91BC942}") = "040 案例-评委打分", "040 案例-评委打分\040 案例-评委打分.vcxproj", "{AA0AF830-D27B-4F03-A00C-316EA70E9418}"
EndProject
Project("{8BC9CEB8-8B4A-11D0-8D11-00A0C91BC942}") = "041 stack常用接口", "041 stack常用接口\041 stack常用接口.vcxproj", "{881CECF2-F595-432A-A3AA-E559A5FC1A76}"
EndProject
Project("{8BC9CEB8-8B4A-11D0-8D11-00A0C91BC942}") = "042 queue容器", "42 queue容器\42 queue容器.vcxproj", "{CF2D6FED-AB7F-48D9-A533-D2A111E03636}"
EndProject
Project("{8BC9CEB8-8B4A-11D0-8D11-00A0C91BC942}") = "043 list容器", "43 list容器\43 list容器.vcxproj", "{84B5C11A-4AE6-4D88-8E00-C81442213FF2}"
EndProject
Project("{8BC9CEB8-8B4A-11D0-8D11-00A0C91BC942}") = "044 list赋值和交换", "044 list赋值和交换\044 list赋值和交换.vcxproj", "{4765BD22-C32D-4E6E-90CD-AADED28591A1}"
EndProject
Project("{8BC9CEB8-8B4A-11D0-8D11-00A0C91BC942}") = "045 list大小操作", "044 list大小操作\044 list大小操作.vcxproj", "{A4564C7A-5904-4134-909B-6A3025218140}"
EndProject
Project("{8BC9CEB8-8B4A-11D0-8D11-00A0C91BC942}") = "046 list插入和删除", "046 list插入和删除\046 list插入和删除.vcxproj", "{02CEF1FF-FCB9-45E8-AF66-C635E78F691D}"
EndProject
Project("{8BC9CEB8-8B4A-11D0-8D11-00A0C91BC942}") = "047 list数据存取", "047 list数据存取\047 list数据存取.vcxproj", "{262B4EF2-B93D-4F8A-A85D-6A2F9836456B}"
EndProject
Project("{8BC9CEB8-8B4A-11D0-8D11-00A0C91BC942}") = "048 list反转和排序", "048 list反转和排序\048 list反转和排序.vcxproj", "{C970F947-ABDE-4AC8-B29D-80B0A509C27F}"
EndProject
Project("{8BC9CEB8-8B4A-11D0-8D11-00A0C91BC942}") = "049 排序案例", "049 排序案例\049 排序案例.vcxproj", "{78A66CF4-F198-4613-96EC-68E95699415B}"
EndProject
Project("{8BC9CEB8-8B4A-11D0-8D11-00A0C91BC942}") = "050 set容器", "050 set容器\050 set容器.vcxproj", "{D961E319-DF6D-49E7-BEE4-5737779EEA27}"
EndProject
Project("{8BC9CEB8-8B4A-11D0-8D11-00A0C91BC942}") = "051 set大小和交换", "51 set大小和交换\51 set大小和交换.vcxproj", "{B37BF74F-B29C-4D56-B269-BFF0B40DB7F8}"
EndProject
Project("{8BC9CEB8-8B4A-11D0-8D11-00A0C91BC942}") = "052 set插入和删除", "052 set插入和删除\052 set插入和删除.vcxproj", "{0B0BE7CE-A5A1-4E1B-87D7-84428AFE5010}"
EndProject
Project("{8BC9CEB8-8B4A-11D0-8D11-00A0C91BC942}") = "053 set查找和统计", "053 set查找和统计\053 set查找和统计.vcxproj", "{2E4B565D-92A2-4DFC-B7E3-0245D89CAFB3}"
EndProject
Project("{8BC9CEB8-8B4A-11D0-8D11-00A0C91BC942}") = "054 set和multiset区别", "054 set和multiset区别\054 set和multiset区别.vcxproj", "{2025128C-2A19-4EFB-B10F-F3BC9AA08EE0}"
EndProject
Project("{8BC9CEB8-8B4A-11D0-8D11-00A0C91BC942}") = "055 pair对组创建", "055 pair对组创建\055 pair对组创建.vcxproj", "{7F1B106E-58AA-4C5A-AEE9-FBA958DD6373}"
EndProject
Project("{8BC9CEB8-8B4A-11D0-8D11-00A0C91BC942}") = "056 set容器排序1：内置数据类型", "056 set容器排序1：内置数据类型\056 set容器排序1：内置数据类型.vcxproj", "{A735EC53-5F9B-42C0-BDB9-B3EFDFB46DE0}"
EndProject
Project("{8BC9CEB8-8B4A-11D0-8D11-00A0C91BC942}") = "057 set容器排序：自定义数据类型", "057 set容器排序：自定义数据类型\057 set容器排序：自定义数据类型.vcxproj", "{5FD9973F-DB51-4E25-BFA1-216B19B9E0D4}"
EndProject
Project("{8BC9CEB8-8B4A-11D0-8D11-00A0C91BC942}") = "058 map构造和赋值", "058 map构造和赋值\058 map构造和赋值.vcxproj", "{EA258AB8-456D-46E7-A437-08D1AEBD5038}"
EndProject
Project("{8BC9CEB8-8B4A-11D0-8D11-00A0C91BC942}") = "059 大小和交换", "059 大小和交换\059 大小和交换.vcxproj", "{93339B63-75A3-482B-9004-05B98BB286A4}"
EndProject
Project("{8BC9CEB8-8B4A-11D0-8D11-00A0C91BC942}") = "060 map插入和删除", "060 map插入和删除\060 map插入和删除.vcxproj", "{E50A303E-E9DD-44BC-A1C9-B19589559261}"
EndProject
Project("{8BC9CEB8-8B4A-11D0-8D11-00A0C91BC942}") = "061 map查找和统计", "061 map查找和统计\061 map查找和统计.vcxproj", "{7703D6C9-ACB7-481E-9AA4-2F756CC87DB4}"
EndProject
Project("{8BC9CEB8-8B4A-11D0-8D11-00A0C91BC942}") = "062 map容器排序", "060 map容器排序\060 map容器排序.vcxproj", "{233DF85B-20C1-46BE-A64C-42E07E4AC504}"
EndProject
Project("{8BC9CEB8-8B4A-11D0-8D11-00A0C91BC942}") = "063 案例：员工分组", "063 案例：员工分组\063 案例：员工分组.vcxproj", "{0C77E82E-C6CF-4B5B-9CC3-5855FD7F1B4B}"
EndProject
Project("{8BC9CEB8-8B4A-11D0-8D11-00A0C91BC942}") = "064 STL-函数对象", "064 STL-函数对象\064 STL-函数对象.vcxproj", "{8B811486-09B7-4056-89B0-E4C247999FEC}"
EndProject
Project("{8BC9CEB8-8B4A-11D0-8D11-00A0C91BC942}") = "065 一元谓词", "065 谓词\065 谓词.vcxproj", "{D4347853-2B12-4F8D-A873-729F516DA024}"
EndProject
Project("{8BC9CEB8-8B4A-11D0-8D11-00A0C91BC942}") = "066 二元谓词", "066 二元谓词\066 二元谓词.vcxproj", "{BF191FA2-6F27-48EA-A1EB-BA8EFFD5B127}"
EndProject
Project("{8BC9CEB8-8B4A-11D0-8D11-00A0C91BC942}") = "067 算术仿函数", "067 算术仿函数\067 算术仿函数.vcxproj", "{A2D769C0-77F5-46F6-AA33-B950E3EEA5E3}"
EndProject
Project("{8BC9CEB8-8B4A-11D0-8D11-00A0C91BC942}") = "068 关系仿函数", "068 关系仿函数\068 关系仿函数.vcxproj", "{F6427650-F147-4986-AEC3-5FA93A773777}"
EndProject
Project("{8BC9CEB8-8B4A-11D0-8D11-00A0C91BC942}") = "069 逻辑仿函数", "069 逻辑仿函数\069 逻辑仿函数.vcxproj", "{9BCAFC8D-DAD0-4BFF-8C6A-0AF08A16F79D}"
EndProject
Project("{8BC9CEB8-8B4A-11D0-8D11-00A0C91BC942}") = "070 STL常用算法", "070 STL常用算法\070 STL常用算法.vcxproj", "{F7E34855-E9C9-43B4-88EC-0CE845F74912}"
EndProject
Project("{8BC9CEB8-8B4A-11D0-8D11-00A0C91BC942}") = "071 for_each", "071 for_each\071 for_each.vcxproj", "{CAA41FD7-D044-4C42-8EF5-4161113F7BCE}"
EndProject
Project("{8BC9CEB8-8B4A-11D0-8D11-00A0C91BC942}") = "072 transform", "072 transform\072 transform.vcxproj", "{9A175D64-2394-451A-BF00-86F05248DC84}"
EndProject
Project("{8BC9CEB8-8B4A-11D0-8D11-00A0C91BC942}") = "073 find", "073 find\073 find.vcxproj", "{1FB78808-10FB-4456-ADAA-77EC66EEEEBB}"
EndProject
Project("{8BC9CEB8-8B4A-11D0-8D11-00A0C91BC942}") = "074 find_if", "074 find_if\074 find_if.vcxproj", "{43409301-D9ED-4ADF-A4DD-C3349D6020F8}"
EndProject
Project("{8BC9CEB8-8B4A-11D0-8D11-00A0C91BC942}") = "075 adjacent_find", "075 adjacent_find\075 adjacent_find.vcxproj", "{561E99A2-E70D-4301-B66A-5654D87714E6}"
EndProject
Project("{8BC9CEB8-8B4A-11D0-8D11-00A0C91BC942}") = "076 binary_search", "076 binary_search\076 binary_search.vcxproj", "{E44D2E67-F2F5-4FDC-BFDB-DD71EB26597A}"
EndProject
Project("{8BC9CEB8-8B4A-11D0-8D11-00A0C91BC942}") = "077 count", "077 count\077 count.vcxproj", "{BDDAD32C-0750-41D8-BD27-3040AACC1915}"
EndProject
Project("{8BC9CEB8-8B4A-11D0-8D11-00A0C91BC942}") = "078 count_if", "078 count_if\078 count_if.vcxproj", "{E9E0AA4F-69F3-4E2B-88A2-A9B0457D2154}"
EndProject
Project("{8BC9CEB8-8B4A-11D0-8D11-00A0C91BC942}") = "079 sort", "079 sort\079 sort.vcxproj", "{9142F864-7C4C-461D-B21A-2063645D0F24}"
EndProject
Project("{8BC9CEB8-8B4A-11D0-8D11-00A0C91BC942}") = "080 random_shuffle", "080 random_shuffle\080 random_shuffle.vcxproj", "{BDE56E59-D5B3-4A49-8E79-81B85B891776}"
EndProject
Project("{8BC9CEB8-8B4A-11D0-8D11-00A0C91BC942}") = "081 merge", "081 merge\081 merge.vcxproj", "{4A9DBCDF-106C-452E-A680-DD1DAE4D66D0}"
EndProject
Project("{8BC9CEB8-8B4A-11D0-8D11-00A0C91BC942}") = "082 reverse", "082 reserse\082 reserse.vcxproj", "{98B6B463-6B3D-4F47-BF74-E21803E82911}"
EndProject
Project("{8BC9CEB8-8B4A-11D0-8D11-00A0C91BC942}") = "083 copy", "083 copy\083 copy.vcxproj", "{9AF66FA7-6093-40FA-AEC5-4576DE6010BF}"
EndProject
Project("{8BC9CEB8-8B4A-11D0-8D11-00A0C91BC942}") = "084 replace", "084 replace\084 replace.vcxproj", "{DB26D28B-5E67-482C-B515-BDC82B028136}"
EndProject
Project("{8BC9CEB8-8B4A-11D0-8D11-00A0C91BC942}") = "085 replace_if", "085 replace_if\085 replace_if.vcxproj", "{1B09318D-BA18-4558-8420-FBCD045C28CE}"
EndProject
Project("{8BC9CEB8-8B4A-11D0-8D11-00A0C91BC942}") = "086 swap", "086 swap\086 swap.vcxproj", "{0B0EB0C3-2143-4B47-8C87-A64320235F3A}"
EndProject
Project("{8BC9CEB8-8B4A-11D0-8D11-00A0C91BC942}") = "087 accumulate", "087 accumulate\087 accumulate.vcxproj", "{C8C6B967-83A6-457B-AA7D-41DD98D8EF31}"
EndProject
Project("{8BC9CEB8-8B4A-11D0-8D11-00A0C91BC942}") = "088 fil", "088 fil\088 fil.vcxproj", "{DF7AEDF4-6E66-4988-A8CE-3A8762E14262}"
EndProject
Project("{8BC9CEB8-8B4A-11D0-8D11-00A0C91BC942}") = "089 set_intersection", "089 set_intersection\089 set_intersection.vcxproj", "{9574E4F2-6EA1-4ECC-9DDB-68281F64B2EC}"
EndProject
Project("{8BC9CEB8-8B4A-11D0-8D11-00A0C91BC942}") = "090 set_union", "090 set_union\090 set_union.vcxproj", "{3D2C54D3-9F70-43FE-A6A9-B155811AAA40}"
EndProject
Project("{8BC9CEB8-8B4A-11D0-8D11-00A0C91BC942}") = "091 set_difference", "091 set_difference\091 set_difference.vcxproj", "{AF11C1E8-0D65-49A1-86D0-573B2158C5A4}"
EndProject
Global
	GlobalSection(SolutionConfigurationPlatforms) = preSolution
		Debug|x64 = Debug|x64
		Debug|x86 = Debug|x86
		Release|x64 = Release|x64
		Release|x86 = Release|x86
	EndGlobalSection
	GlobalSection(ProjectConfigurationPlatforms) = postSolution
		{E723D576-AFF6-46D8-BD44-46CD7705C1B0}.Debug|x64.ActiveCfg = Debug|x64
		{E723D576-AFF6-46D8-BD44-46CD7705C1B0}.Debug|x64.Build.0 = Debug|x64
		{E723D576-AFF6-46D8-BD44-46CD7705C1B0}.Debug|x86.ActiveCfg = Debug|Win32
		{E723D576-AFF6-46D8-BD44-46CD7705C1B0}.Debug|x86.Build.0 = Debug|Win32
		{E723D576-AFF6-46D8-BD44-46CD7705C1B0}.Release|x64.ActiveCfg = Release|x64
		{E723D576-AFF6-46D8-BD44-46CD7705C1B0}.Release|x64.Build.0 = Release|x64
		{E723D576-AFF6-46D8-BD44-46CD7705C1B0}.Release|x86.ActiveCfg = Release|Win32
		{E723D576-AFF6-46D8-BD44-46CD7705C1B0}.Release|x86.Build.0 = Release|Win32
		{D284013D-7D01-4EF8-B25F-1F6B22824A32}.Debug|x64.ActiveCfg = Debug|x64
		{D284013D-7D01-4EF8-B25F-1F6B22824A32}.Debug|x64.Build.0 = Debug|x64
		{D284013D-7D01-4EF8-B25F-1F6B22824A32}.Debug|x86.ActiveCfg = Debug|Win32
		{D284013D-7D01-4EF8-B25F-1F6B22824A32}.Debug|x86.Build.0 = Debug|Win32
		{D284013D-7D01-4EF8-B25F-1F6B22824A32}.Release|x64.ActiveCfg = Release|x64
		{D284013D-7D01-4EF8-B25F-1F6B22824A32}.Release|x64.Build.0 = Release|x64
		{D284013D-7D01-4EF8-B25F-1F6B22824A32}.Release|x86.ActiveCfg = Release|Win32
		{D284013D-7D01-4EF8-B25F-1F6B22824A32}.Release|x86.Build.0 = Release|Win32
		{9083EBFC-4F5C-4D8D-BDCF-0C86BFF09E9F}.Debug|x64.ActiveCfg = Debug|x64
		{9083EBFC-4F5C-4D8D-BDCF-0C86BFF09E9F}.Debug|x64.Build.0 = Debug|x64
		{9083EBFC-4F5C-4D8D-BDCF-0C86BFF09E9F}.Debug|x86.ActiveCfg = Debug|Win32
		{9083EBFC-4F5C-4D8D-BDCF-0C86BFF09E9F}.Debug|x86.Build.0 = Debug|Win32
		{9083EBFC-4F5C-4D8D-BDCF-0C86BFF09E9F}.Release|x64.ActiveCfg = Release|x64
		{9083EBFC-4F5C-4D8D-BDCF-0C86BFF09E9F}.Release|x64.Build.0 = Release|x64
		{9083EBFC-4F5C-4D8D-BDCF-0C86BFF09E9F}.Release|x86.ActiveCfg = Release|Win32
		{9083EBFC-4F5C-4D8D-BDCF-0C86BFF09E9F}.Release|x86.Build.0 = Release|Win32
		{71932C78-C5A6-4303-8A0E-2FB9E9DA4DFC}.Debug|x64.ActiveCfg = Debug|x64
		{71932C78-C5A6-4303-8A0E-2FB9E9DA4DFC}.Debug|x64.Build.0 = Debug|x64
		{71932C78-C5A6-4303-8A0E-2FB9E9DA4DFC}.Debug|x86.ActiveCfg = Debug|Win32
		{71932C78-C5A6-4303-8A0E-2FB9E9DA4DFC}.Debug|x86.Build.0 = Debug|Win32
		{71932C78-C5A6-4303-8A0E-2FB9E9DA4DFC}.Release|x64.ActiveCfg = Release|x64
		{71932C78-C5A6-4303-8A0E-2FB9E9DA4DFC}.Release|x64.Build.0 = Release|x64
		{71932C78-C5A6-4303-8A0E-2FB9E9DA4DFC}.Release|x86.ActiveCfg = Release|Win32
		{71932C78-C5A6-4303-8A0E-2FB9E9DA4DFC}.Release|x86.Build.0 = Release|Win32
		{FD897499-F7D1-4980-9E7C-93BB60C9F095}.Debug|x64.ActiveCfg = Debug|x64
		{FD897499-F7D1-4980-9E7C-93BB60C9F095}.Debug|x64.Build.0 = Debug|x64
		{FD897499-F7D1-4980-9E7C-93BB60C9F095}.Debug|x86.ActiveCfg = Debug|Win32
		{FD897499-F7D1-4980-9E7C-93BB60C9F095}.Debug|x86.Build.0 = Debug|Win32
		{FD897499-F7D1-4980-9E7C-93BB60C9F095}.Release|x64.ActiveCfg = Release|x64
		{FD897499-F7D1-4980-9E7C-93BB60C9F095}.Release|x64.Build.0 = Release|x64
		{FD897499-F7D1-4980-9E7C-93BB60C9F095}.Release|x86.ActiveCfg = Release|Win32
		{FD897499-F7D1-4980-9E7C-93BB60C9F095}.Release|x86.Build.0 = Release|Win32
		{E04A8199-B54D-46A7-A9D8-F6AC4A3F2F52}.Debug|x64.ActiveCfg = Debug|x64
		{E04A8199-B54D-46A7-A9D8-F6AC4A3F2F52}.Debug|x64.Build.0 = Debug|x64
		{E04A8199-B54D-46A7-A9D8-F6AC4A3F2F52}.Debug|x86.ActiveCfg = Debug|Win32
		{E04A8199-B54D-46A7-A9D8-F6AC4A3F2F52}.Debug|x86.Build.0 = Debug|Win32
		{E04A8199-B54D-46A7-A9D8-F6AC4A3F2F52}.Release|x64.ActiveCfg = Release|x64
		{E04A8199-B54D-46A7-A9D8-F6AC4A3F2F52}.Release|x64.Build.0 = Release|x64
		{E04A8199-B54D-46A7-A9D8-F6AC4A3F2F52}.Release|x86.ActiveCfg = Release|Win32
		{E04A8199-B54D-46A7-A9D8-F6AC4A3F2F52}.Release|x86.Build.0 = Release|Win32
		{D3A98677-F35F-4EF3-B2B5-92B88696DE57}.Debug|x64.ActiveCfg = Debug|x64
		{D3A98677-F35F-4EF3-B2B5-92B88696DE57}.Debug|x64.Build.0 = Debug|x64
		{D3A98677-F35F-4EF3-B2B5-92B88696DE57}.Debug|x86.ActiveCfg = Debug|Win32
		{D3A98677-F35F-4EF3-B2B5-92B88696DE57}.Debug|x86.Build.0 = Debug|Win32
		{D3A98677-F35F-4EF3-B2B5-92B88696DE57}.Release|x64.ActiveCfg = Release|x64
		{D3A98677-F35F-4EF3-B2B5-92B88696DE57}.Release|x64.Build.0 = Release|x64
		{D3A98677-F35F-4EF3-B2B5-92B88696DE57}.Release|x86.ActiveCfg = Release|Win32
		{D3A98677-F35F-4EF3-B2B5-92B88696DE57}.Release|x86.Build.0 = Release|Win32
		{A802DCCD-398A-4C9C-90A4-E84232865C7A}.Debug|x64.ActiveCfg = Debug|x64
		{A802DCCD-398A-4C9C-90A4-E84232865C7A}.Debug|x64.Build.0 = Debug|x64
		{A802DCCD-398A-4C9C-90A4-E84232865C7A}.Debug|x86.ActiveCfg = Debug|Win32
		{A802DCCD-398A-4C9C-90A4-E84232865C7A}.Debug|x86.Build.0 = Debug|Win32
		{A802DCCD-398A-4C9C-90A4-E84232865C7A}.Release|x64.ActiveCfg = Release|x64
		{A802DCCD-398A-4C9C-90A4-E84232865C7A}.Release|x64.Build.0 = Release|x64
		{A802DCCD-398A-4C9C-90A4-E84232865C7A}.Release|x86.ActiveCfg = Release|Win32
		{A802DCCD-398A-4C9C-90A4-E84232865C7A}.Release|x86.Build.0 = Release|Win32
		{F5094927-57D8-4BC5-8B5F-35F5B7BC23E9}.Debug|x64.ActiveCfg = Debug|x64
		{F5094927-57D8-4BC5-8B5F-35F5B7BC23E9}.Debug|x64.Build.0 = Debug|x64
		{F5094927-57D8-4BC5-8B5F-35F5B7BC23E9}.Debug|x86.ActiveCfg = Debug|Win32
		{F5094927-57D8-4BC5-8B5F-35F5B7BC23E9}.Debug|x86.Build.0 = Debug|Win32
		{F5094927-57D8-4BC5-8B5F-35F5B7BC23E9}.Release|x64.ActiveCfg = Release|x64
		{F5094927-57D8-4BC5-8B5F-35F5B7BC23E9}.Release|x64.Build.0 = Release|x64
		{F5094927-57D8-4BC5-8B5F-35F5B7BC23E9}.Release|x86.ActiveCfg = Release|Win32
		{F5094927-57D8-4BC5-8B5F-35F5B7BC23E9}.Release|x86.Build.0 = Release|Win32
		{E0D2CBC6-EFC6-432C-B6EF-726A894FDFD3}.Debug|x64.ActiveCfg = Debug|x64
		{E0D2CBC6-EFC6-432C-B6EF-726A894FDFD3}.Debug|x64.Build.0 = Debug|x64
		{E0D2CBC6-EFC6-432C-B6EF-726A894FDFD3}.Debug|x86.ActiveCfg = Debug|Win32
		{E0D2CBC6-EFC6-432C-B6EF-726A894FDFD3}.Debug|x86.Build.0 = Debug|Win32
		{E0D2CBC6-EFC6-432C-B6EF-726A894FDFD3}.Release|x64.ActiveCfg = Release|x64
		{E0D2CBC6-EFC6-432C-B6EF-726A894FDFD3}.Release|x64.Build.0 = Release|x64
		{E0D2CBC6-EFC6-432C-B6EF-726A894FDFD3}.Release|x86.ActiveCfg = Release|Win32
		{E0D2CBC6-EFC6-432C-B6EF-726A894FDFD3}.Release|x86.Build.0 = Release|Win32
		{D9A5F391-8E9A-4CFF-815E-124B0EDB3A03}.Debug|x64.ActiveCfg = Debug|x64
		{D9A5F391-8E9A-4CFF-815E-124B0EDB3A03}.Debug|x64.Build.0 = Debug|x64
		{D9A5F391-8E9A-4CFF-815E-124B0EDB3A03}.Debug|x86.ActiveCfg = Debug|Win32
		{D9A5F391-8E9A-4CFF-815E-124B0EDB3A03}.Debug|x86.Build.0 = Debug|Win32
		{D9A5F391-8E9A-4CFF-815E-124B0EDB3A03}.Release|x64.ActiveCfg = Release|x64
		{D9A5F391-8E9A-4CFF-815E-124B0EDB3A03}.Release|x64.Build.0 = Release|x64
		{D9A5F391-8E9A-4CFF-815E-124B0EDB3A03}.Release|x86.ActiveCfg = Release|Win32
		{D9A5F391-8E9A-4CFF-815E-124B0EDB3A03}.Release|x86.Build.0 = Release|Win32
		{B17D7A3F-A08A-4D77-B380-84511F6320D5}.Debug|x64.ActiveCfg = Debug|x64
		{B17D7A3F-A08A-4D77-B380-84511F6320D5}.Debug|x64.Build.0 = Debug|x64
		{B17D7A3F-A08A-4D77-B380-84511F6320D5}.Debug|x86.ActiveCfg = Debug|Win32
		{B17D7A3F-A08A-4D77-B380-84511F6320D5}.Debug|x86.Build.0 = Debug|Win32
		{B17D7A3F-A08A-4D77-B380-84511F6320D5}.Release|x64.ActiveCfg = Release|x64
		{B17D7A3F-A08A-4D77-B380-84511F6320D5}.Release|x64.Build.0 = Release|x64
		{B17D7A3F-A08A-4D77-B380-84511F6320D5}.Release|x86.ActiveCfg = Release|Win32
		{B17D7A3F-A08A-4D77-B380-84511F6320D5}.Release|x86.Build.0 = Release|Win32
		{C5488664-8482-4962-9D25-3CB0DE9FCFF5}.Debug|x64.ActiveCfg = Debug|x64
		{C5488664-8482-4962-9D25-3CB0DE9FCFF5}.Debug|x64.Build.0 = Debug|x64
		{C5488664-8482-4962-9D25-3CB0DE9FCFF5}.Debug|x86.ActiveCfg = Debug|Win32
		{C5488664-8482-4962-9D25-3CB0DE9FCFF5}.Debug|x86.Build.0 = Debug|Win32
		{C5488664-8482-4962-9D25-3CB0DE9FCFF5}.Release|x64.ActiveCfg = Release|x64
		{C5488664-8482-4962-9D25-3CB0DE9FCFF5}.Release|x64.Build.0 = Release|x64
		{C5488664-8482-4962-9D25-3CB0DE9FCFF5}.Release|x86.ActiveCfg = Release|Win32
		{C5488664-8482-4962-9D25-3CB0DE9FCFF5}.Release|x86.Build.0 = Release|Win32
		{CFAAA1B2-3262-4F0A-A447-FE007896B9F9}.Debug|x64.ActiveCfg = Debug|x64
		{CFAAA1B2-3262-4F0A-A447-FE007896B9F9}.Debug|x64.Build.0 = Debug|x64
		{CFAAA1B2-3262-4F0A-A447-FE007896B9F9}.Debug|x86.ActiveCfg = Debug|Win32
		{CFAAA1B2-3262-4F0A-A447-FE007896B9F9}.Debug|x86.Build.0 = Debug|Win32
		{CFAAA1B2-3262-4F0A-A447-FE007896B9F9}.Release|x64.ActiveCfg = Release|x64
		{CFAAA1B2-3262-4F0A-A447-FE007896B9F9}.Release|x64.Build.0 = Release|x64
		{CFAAA1B2-3262-4F0A-A447-FE007896B9F9}.Release|x86.ActiveCfg = Release|Win32
		{CFAAA1B2-3262-4F0A-A447-FE007896B9F9}.Release|x86.Build.0 = Release|Win32
		{095243A8-8DAA-421A-BC34-B2DD4EBE972E}.Debug|x64.ActiveCfg = Debug|x64
		{095243A8-8DAA-421A-BC34-B2DD4EBE972E}.Debug|x64.Build.0 = Debug|x64
		{095243A8-8DAA-421A-BC34-B2DD4EBE972E}.Debug|x86.ActiveCfg = Debug|Win32
		{095243A8-8DAA-421A-BC34-B2DD4EBE972E}.Debug|x86.Build.0 = Debug|Win32
		{095243A8-8DAA-421A-BC34-B2DD4EBE972E}.Release|x64.ActiveCfg = Release|x64
		{095243A8-8DAA-421A-BC34-B2DD4EBE972E}.Release|x64.Build.0 = Release|x64
		{095243A8-8DAA-421A-BC34-B2DD4EBE972E}.Release|x86.ActiveCfg = Release|Win32
		{095243A8-8DAA-421A-BC34-B2DD4EBE972E}.Release|x86.Build.0 = Release|Win32
		{414DE113-FFA7-4C58-A9F1-03DBC0A26D40}.Debug|x64.ActiveCfg = Debug|x64
		{414DE113-FFA7-4C58-A9F1-03DBC0A26D40}.Debug|x64.Build.0 = Debug|x64
		{414DE113-FFA7-4C58-A9F1-03DBC0A26D40}.Debug|x86.ActiveCfg = Debug|Win32
		{414DE113-FFA7-4C58-A9F1-03DBC0A26D40}.Debug|x86.Build.0 = Debug|Win32
		{414DE113-FFA7-4C58-A9F1-03DBC0A26D40}.Release|x64.ActiveCfg = Release|x64
		{414DE113-FFA7-4C58-A9F1-03DBC0A26D40}.Release|x64.Build.0 = Release|x64
		{414DE113-FFA7-4C58-A9F1-03DBC0A26D40}.Release|x86.ActiveCfg = Release|Win32
		{414DE113-FFA7-4C58-A9F1-03DBC0A26D40}.Release|x86.Build.0 = Release|Win32
		{C8A3F62E-0ECD-4F65-931E-DAD2E89CA42B}.Debug|x64.ActiveCfg = Debug|x64
		{C8A3F62E-0ECD-4F65-931E-DAD2E89CA42B}.Debug|x64.Build.0 = Debug|x64
		{C8A3F62E-0ECD-4F65-931E-DAD2E89CA42B}.Debug|x86.ActiveCfg = Debug|Win32
		{C8A3F62E-0ECD-4F65-931E-DAD2E89CA42B}.Debug|x86.Build.0 = Debug|Win32
		{C8A3F62E-0ECD-4F65-931E-DAD2E89CA42B}.Release|x64.ActiveCfg = Release|x64
		{C8A3F62E-0ECD-4F65-931E-DAD2E89CA42B}.Release|x64.Build.0 = Release|x64
		{C8A3F62E-0ECD-4F65-931E-DAD2E89CA42B}.Release|x86.ActiveCfg = Release|Win32
		{C8A3F62E-0ECD-4F65-931E-DAD2E89CA42B}.Release|x86.Build.0 = Release|Win32
		{5D98F8F1-1617-4393-9B00-5F213E9C58C9}.Debug|x64.ActiveCfg = Debug|x64
		{5D98F8F1-1617-4393-9B00-5F213E9C58C9}.Debug|x64.Build.0 = Debug|x64
		{5D98F8F1-1617-4393-9B00-5F213E9C58C9}.Debug|x86.ActiveCfg = Debug|Win32
		{5D98F8F1-1617-4393-9B00-5F213E9C58C9}.Debug|x86.Build.0 = Debug|Win32
		{5D98F8F1-1617-4393-9B00-5F213E9C58C9}.Release|x64.ActiveCfg = Release|x64
		{5D98F8F1-1617-4393-9B00-5F213E9C58C9}.Release|x64.Build.0 = Release|x64
		{5D98F8F1-1617-4393-9B00-5F213E9C58C9}.Release|x86.ActiveCfg = Release|Win32
		{5D98F8F1-1617-4393-9B00-5F213E9C58C9}.Release|x86.Build.0 = Release|Win32
		{3CE4C5A1-A3C3-4DBD-B95C-EBB155B91465}.Debug|x64.ActiveCfg = Debug|x64
		{3CE4C5A1-A3C3-4DBD-B95C-EBB155B91465}.Debug|x64.Build.0 = Debug|x64
		{3CE4C5A1-A3C3-4DBD-B95C-EBB155B91465}.Debug|x86.ActiveCfg = Debug|Win32
		{3CE4C5A1-A3C3-4DBD-B95C-EBB155B91465}.Debug|x86.Build.0 = Debug|Win32
		{3CE4C5A1-A3C3-4DBD-B95C-EBB155B91465}.Release|x64.ActiveCfg = Release|x64
		{3CE4C5A1-A3C3-4DBD-B95C-EBB155B91465}.Release|x64.Build.0 = Release|x64
		{3CE4C5A1-A3C3-4DBD-B95C-EBB155B91465}.Release|x86.ActiveCfg = Release|Win32
		{3CE4C5A1-A3C3-4DBD-B95C-EBB155B91465}.Release|x86.Build.0 = Release|Win32
		{87A2EC86-C31B-40FB-B076-31075DF632AA}.Debug|x64.ActiveCfg = Debug|x64
		{87A2EC86-C31B-40FB-B076-31075DF632AA}.Debug|x64.Build.0 = Debug|x64
		{87A2EC86-C31B-40FB-B076-31075DF632AA}.Debug|x86.ActiveCfg = Debug|Win32
		{87A2EC86-C31B-40FB-B076-31075DF632AA}.Debug|x86.Build.0 = Debug|Win32
		{87A2EC86-C31B-40FB-B076-31075DF632AA}.Release|x64.ActiveCfg = Release|x64
		{87A2EC86-C31B-40FB-B076-31075DF632AA}.Release|x64.Build.0 = Release|x64
		{87A2EC86-C31B-40FB-B076-31075DF632AA}.Release|x86.ActiveCfg = Release|Win32
		{87A2EC86-C31B-40FB-B076-31075DF632AA}.Release|x86.Build.0 = Release|Win32
		{EAC602C0-C767-4C0C-BCA4-230E5CEDC357}.Debug|x64.ActiveCfg = Debug|x64
		{EAC602C0-C767-4C0C-BCA4-230E5CEDC357}.Debug|x64.Build.0 = Debug|x64
		{EAC602C0-C767-4C0C-BCA4-230E5CEDC357}.Debug|x86.ActiveCfg = Debug|Win32
		{EAC602C0-C767-4C0C-BCA4-230E5CEDC357}.Debug|x86.Build.0 = Debug|Win32
		{EAC602C0-C767-4C0C-BCA4-230E5CEDC357}.Release|x64.ActiveCfg = Release|x64
		{EAC602C0-C767-4C0C-BCA4-230E5CEDC357}.Release|x64.Build.0 = Release|x64
		{EAC602C0-C767-4C0C-BCA4-230E5CEDC357}.Release|x86.ActiveCfg = Release|Win32
		{EAC602C0-C767-4C0C-BCA4-230E5CEDC357}.Release|x86.Build.0 = Release|Win32
		{DDC0BC80-8C15-45BF-9FBF-FD21335DD936}.Debug|x64.ActiveCfg = Debug|x64
		{DDC0BC80-8C15-45BF-9FBF-FD21335DD936}.Debug|x64.Build.0 = Debug|x64
		{DDC0BC80-8C15-45BF-9FBF-FD21335DD936}.Debug|x86.ActiveCfg = Debug|Win32
		{DDC0BC80-8C15-45BF-9FBF-FD21335DD936}.Debug|x86.Build.0 = Debug|Win32
		{DDC0BC80-8C15-45BF-9FBF-FD21335DD936}.Release|x64.ActiveCfg = Release|x64
		{DDC0BC80-8C15-45BF-9FBF-FD21335DD936}.Release|x64.Build.0 = Release|x64
		{DDC0BC80-8C15-45BF-9FBF-FD21335DD936}.Release|x86.ActiveCfg = Release|Win32
		{DDC0BC80-8C15-45BF-9FBF-FD21335DD936}.Release|x86.Build.0 = Release|Win32
		{D7D8CE6C-B54B-4C29-B46F-37E1415CFF8B}.Debug|x64.ActiveCfg = Debug|x64
		{D7D8CE6C-B54B-4C29-B46F-37E1415CFF8B}.Debug|x64.Build.0 = Debug|x64
		{D7D8CE6C-B54B-4C29-B46F-37E1415CFF8B}.Debug|x86.ActiveCfg = Debug|Win32
		{D7D8CE6C-B54B-4C29-B46F-37E1415CFF8B}.Debug|x86.Build.0 = Debug|Win32
		{D7D8CE6C-B54B-4C29-B46F-37E1415CFF8B}.Release|x64.ActiveCfg = Release|x64
		{D7D8CE6C-B54B-4C29-B46F-37E1415CFF8B}.Release|x64.Build.0 = Release|x64
		{D7D8CE6C-B54B-4C29-B46F-37E1415CFF8B}.Release|x86.ActiveCfg = Release|Win32
		{D7D8CE6C-B54B-4C29-B46F-37E1415CFF8B}.Release|x86.Build.0 = Release|Win32
		{090103C8-20DC-4930-9F30-D8157689C23A}.Debug|x64.ActiveCfg = Debug|x64
		{090103C8-20DC-4930-9F30-D8157689C23A}.Debug|x64.Build.0 = Debug|x64
		{090103C8-20DC-4930-9F30-D8157689C23A}.Debug|x86.ActiveCfg = Debug|Win32
		{090103C8-20DC-4930-9F30-D8157689C23A}.Debug|x86.Build.0 = Debug|Win32
		{090103C8-20DC-4930-9F30-D8157689C23A}.Release|x64.ActiveCfg = Release|x64
		{090103C8-20DC-4930-9F30-D8157689C23A}.Release|x64.Build.0 = Release|x64
		{090103C8-20DC-4930-9F30-D8157689C23A}.Release|x86.ActiveCfg = Release|Win32
		{090103C8-20DC-4930-9F30-D8157689C23A}.Release|x86.Build.0 = Release|Win32
		{C586334E-A98E-463A-8BAF-D45AE54EF297}.Debug|x64.ActiveCfg = Debug|x64
		{C586334E-A98E-463A-8BAF-D45AE54EF297}.Debug|x64.Build.0 = Debug|x64
		{C586334E-A98E-463A-8BAF-D45AE54EF297}.Debug|x86.ActiveCfg = Debug|Win32
		{C586334E-A98E-463A-8BAF-D45AE54EF297}.Debug|x86.Build.0 = Debug|Win32
		{C586334E-A98E-463A-8BAF-D45AE54EF297}.Release|x64.ActiveCfg = Release|x64
		{C586334E-A98E-463A-8BAF-D45AE54EF297}.Release|x64.Build.0 = Release|x64
		{C586334E-A98E-463A-8BAF-D45AE54EF297}.Release|x86.ActiveCfg = Release|Win32
		{C586334E-A98E-463A-8BAF-D45AE54EF297}.Release|x86.Build.0 = Release|Win32
		{8B3A398B-0D9D-4596-A15E-727933DE88F0}.Debug|x64.ActiveCfg = Debug|x64
		{8B3A398B-0D9D-4596-A15E-727933DE88F0}.Debug|x64.Build.0 = Debug|x64
		{8B3A398B-0D9D-4596-A15E-727933DE88F0}.Debug|x86.ActiveCfg = Debug|Win32
		{8B3A398B-0D9D-4596-A15E-727933DE88F0}.Debug|x86.Build.0 = Debug|Win32
		{8B3A398B-0D9D-4596-A15E-727933DE88F0}.Release|x64.ActiveCfg = Release|x64
		{8B3A398B-0D9D-4596-A15E-727933DE88F0}.Release|x64.Build.0 = Release|x64
		{8B3A398B-0D9D-4596-A15E-727933DE88F0}.Release|x86.ActiveCfg = Release|Win32
		{8B3A398B-0D9D-4596-A15E-727933DE88F0}.Release|x86.Build.0 = Release|Win32
		{BD666CC6-0881-4F94-AAEA-FD5EEAF914D0}.Debug|x64.ActiveCfg = Debug|x64
		{BD666CC6-0881-4F94-AAEA-FD5EEAF914D0}.Debug|x64.Build.0 = Debug|x64
		{BD666CC6-0881-4F94-AAEA-FD5EEAF914D0}.Debug|x86.ActiveCfg = Debug|Win32
		{BD666CC6-0881-4F94-AAEA-FD5EEAF914D0}.Debug|x86.Build.0 = Debug|Win32
		{BD666CC6-0881-4F94-AAEA-FD5EEAF914D0}.Release|x64.ActiveCfg = Release|x64
		{BD666CC6-0881-4F94-AAEA-FD5EEAF914D0}.Release|x64.Build.0 = Release|x64
		{BD666CC6-0881-4F94-AAEA-FD5EEAF914D0}.Release|x86.ActiveCfg = Release|Win32
		{BD666CC6-0881-4F94-AAEA-FD5EEAF914D0}.Release|x86.Build.0 = Release|Win32
		{3B609B0B-8A04-4A0C-AA5E-B3C7B11F349C}.Debug|x64.ActiveCfg = Debug|x64
		{3B609B0B-8A04-4A0C-AA5E-B3C7B11F349C}.Debug|x64.Build.0 = Debug|x64
		{3B609B0B-8A04-4A0C-AA5E-B3C7B11F349C}.Debug|x86.ActiveCfg = Debug|Win32
		{3B609B0B-8A04-4A0C-AA5E-B3C7B11F349C}.Debug|x86.Build.0 = Debug|Win32
		{3B609B0B-8A04-4A0C-AA5E-B3C7B11F349C}.Release|x64.ActiveCfg = Release|x64
		{3B609B0B-8A04-4A0C-AA5E-B3C7B11F349C}.Release|x64.Build.0 = Release|x64
		{3B609B0B-8A04-4A0C-AA5E-B3C7B11F349C}.Release|x86.ActiveCfg = Release|Win32
		{3B609B0B-8A04-4A0C-AA5E-B3C7B11F349C}.Release|x86.Build.0 = Release|Win32
		{739E470F-39B8-4E05-914E-D9BBA73652E7}.Debug|x64.ActiveCfg = Debug|x64
		{739E470F-39B8-4E05-914E-D9BBA73652E7}.Debug|x64.Build.0 = Debug|x64
		{739E470F-39B8-4E05-914E-D9BBA73652E7}.Debug|x86.ActiveCfg = Debug|Win32
		{739E470F-39B8-4E05-914E-D9BBA73652E7}.Debug|x86.Build.0 = Debug|Win32
		{739E470F-39B8-4E05-914E-D9BBA73652E7}.Release|x64.ActiveCfg = Release|x64
		{739E470F-39B8-4E05-914E-D9BBA73652E7}.Release|x64.Build.0 = Release|x64
		{739E470F-39B8-4E05-914E-D9BBA73652E7}.Release|x86.ActiveCfg = Release|Win32
		{739E470F-39B8-4E05-914E-D9BBA73652E7}.Release|x86.Build.0 = Release|Win32
		{E6C65AAB-FAE1-4B9B-8063-C76C1A931CBC}.Debug|x64.ActiveCfg = Debug|x64
		{E6C65AAB-FAE1-4B9B-8063-C76C1A931CBC}.Debug|x64.Build.0 = Debug|x64
		{E6C65AAB-FAE1-4B9B-8063-C76C1A931CBC}.Debug|x86.ActiveCfg = Debug|Win32
		{E6C65AAB-FAE1-4B9B-8063-C76C1A931CBC}.Debug|x86.Build.0 = Debug|Win32
		{E6C65AAB-FAE1-4B9B-8063-C76C1A931CBC}.Release|x64.ActiveCfg = Release|x64
		{E6C65AAB-FAE1-4B9B-8063-C76C1A931CBC}.Release|x64.Build.0 = Release|x64
		{E6C65AAB-FAE1-4B9B-8063-C76C1A931CBC}.Release|x86.ActiveCfg = Release|Win32
		{E6C65AAB-FAE1-4B9B-8063-C76C1A931CBC}.Release|x86.Build.0 = Release|Win32
		{683D07C4-8FBD-43B6-9917-081BC00178F1}.Debug|x64.ActiveCfg = Debug|x64
		{683D07C4-8FBD-43B6-9917-081BC00178F1}.Debug|x64.Build.0 = Debug|x64
		{683D07C4-8FBD-43B6-9917-081BC00178F1}.Debug|x86.ActiveCfg = Debug|Win32
		{683D07C4-8FBD-43B6-9917-081BC00178F1}.Debug|x86.Build.0 = Debug|Win32
		{683D07C4-8FBD-43B6-9917-081BC00178F1}.Release|x64.ActiveCfg = Release|x64
		{683D07C4-8FBD-43B6-9917-081BC00178F1}.Release|x64.Build.0 = Release|x64
		{683D07C4-8FBD-43B6-9917-081BC00178F1}.Release|x86.ActiveCfg = Release|Win32
		{683D07C4-8FBD-43B6-9917-081BC00178F1}.Release|x86.Build.0 = Release|Win32
		{4F62C1C1-1BBD-4BFF-A3CB-48D6FAD71209}.Debug|x64.ActiveCfg = Debug|x64
		{4F62C1C1-1BBD-4BFF-A3CB-48D6FAD71209}.Debug|x64.Build.0 = Debug|x64
		{4F62C1C1-1BBD-4BFF-A3CB-48D6FAD71209}.Debug|x86.ActiveCfg = Debug|Win32
		{4F62C1C1-1BBD-4BFF-A3CB-48D6FAD71209}.Debug|x86.Build.0 = Debug|Win32
		{4F62C1C1-1BBD-4BFF-A3CB-48D6FAD71209}.Release|x64.ActiveCfg = Release|x64
		{4F62C1C1-1BBD-4BFF-A3CB-48D6FAD71209}.Release|x64.Build.0 = Release|x64
		{4F62C1C1-1BBD-4BFF-A3CB-48D6FAD71209}.Release|x86.ActiveCfg = Release|Win32
		{4F62C1C1-1BBD-4BFF-A3CB-48D6FAD71209}.Release|x86.Build.0 = Release|Win32
		{58B9FBFF-406B-4A17-B0F6-2F425F955BAB}.Debug|x64.ActiveCfg = Debug|x64
		{58B9FBFF-406B-4A17-B0F6-2F425F955BAB}.Debug|x64.Build.0 = Debug|x64
		{58B9FBFF-406B-4A17-B0F6-2F425F955BAB}.Debug|x86.ActiveCfg = Debug|Win32
		{58B9FBFF-406B-4A17-B0F6-2F425F955BAB}.Debug|x86.Build.0 = Debug|Win32
		{58B9FBFF-406B-4A17-B0F6-2F425F955BAB}.Release|x64.ActiveCfg = Release|x64
		{58B9FBFF-406B-4A17-B0F6-2F425F955BAB}.Release|x64.Build.0 = Release|x64
		{58B9FBFF-406B-4A17-B0F6-2F425F955BAB}.Release|x86.ActiveCfg = Release|Win32
		{58B9FBFF-406B-4A17-B0F6-2F425F955BAB}.Release|x86.Build.0 = Release|Win32
		{EBEFD67E-CCD9-4C57-8235-AFDC55D9F8F5}.Debug|x64.ActiveCfg = Debug|x64
		{EBEFD67E-CCD9-4C57-8235-AFDC55D9F8F5}.Debug|x64.Build.0 = Debug|x64
		{EBEFD67E-CCD9-4C57-8235-AFDC55D9F8F5}.Debug|x86.ActiveCfg = Debug|Win32
		{EBEFD67E-CCD9-4C57-8235-AFDC55D9F8F5}.Debug|x86.Build.0 = Debug|Win32
		{EBEFD67E-CCD9-4C57-8235-AFDC55D9F8F5}.Release|x64.ActiveCfg = Release|x64
		{EBEFD67E-CCD9-4C57-8235-AFDC55D9F8F5}.Release|x64.Build.0 = Release|x64
		{EBEFD67E-CCD9-4C57-8235-AFDC55D9F8F5}.Release|x86.ActiveCfg = Release|Win32
		{EBEFD67E-CCD9-4C57-8235-AFDC55D9F8F5}.Release|x86.Build.0 = Release|Win32
		{DAB418F0-51D5-44FA-A45F-6AB521FE3872}.Debug|x64.ActiveCfg = Debug|x64
		{DAB418F0-51D5-44FA-A45F-6AB521FE3872}.Debug|x64.Build.0 = Debug|x64
		{DAB418F0-51D5-44FA-A45F-6AB521FE3872}.Debug|x86.ActiveCfg = Debug|Win32
		{DAB418F0-51D5-44FA-A45F-6AB521FE3872}.Debug|x86.Build.0 = Debug|Win32
		{DAB418F0-51D5-44FA-A45F-6AB521FE3872}.Release|x64.ActiveCfg = Release|x64
		{DAB418F0-51D5-44FA-A45F-6AB521FE3872}.Release|x64.Build.0 = Release|x64
		{DAB418F0-51D5-44FA-A45F-6AB521FE3872}.Release|x86.ActiveCfg = Release|Win32
		{DAB418F0-51D5-44FA-A45F-6AB521FE3872}.Release|x86.Build.0 = Release|Win32
		{0E22C8FF-256F-4C13-B29D-0FEE32DE0918}.Debug|x64.ActiveCfg = Debug|x64
		{0E22C8FF-256F-4C13-B29D-0FEE32DE0918}.Debug|x64.Build.0 = Debug|x64
		{0E22C8FF-256F-4C13-B29D-0FEE32DE0918}.Debug|x86.ActiveCfg = Debug|Win32
		{0E22C8FF-256F-4C13-B29D-0FEE32DE0918}.Debug|x86.Build.0 = Debug|Win32
		{0E22C8FF-256F-4C13-B29D-0FEE32DE0918}.Release|x64.ActiveCfg = Release|x64
		{0E22C8FF-256F-4C13-B29D-0FEE32DE0918}.Release|x64.Build.0 = Release|x64
		{0E22C8FF-256F-4C13-B29D-0FEE32DE0918}.Release|x86.ActiveCfg = Release|Win32
		{0E22C8FF-256F-4C13-B29D-0FEE32DE0918}.Release|x86.Build.0 = Release|Win32
		{6423FC1D-F4DB-46DB-88CB-5F25F36CD396}.Debug|x64.ActiveCfg = Debug|x64
		{6423FC1D-F4DB-46DB-88CB-5F25F36CD396}.Debug|x64.Build.0 = Debug|x64
		{6423FC1D-F4DB-46DB-88CB-5F25F36CD396}.Debug|x86.ActiveCfg = Debug|Win32
		{6423FC1D-F4DB-46DB-88CB-5F25F36CD396}.Debug|x86.Build.0 = Debug|Win32
		{6423FC1D-F4DB-46DB-88CB-5F25F36CD396}.Release|x64.ActiveCfg = Release|x64
		{6423FC1D-F4DB-46DB-88CB-5F25F36CD396}.Release|x64.Build.0 = Release|x64
		{6423FC1D-F4DB-46DB-88CB-5F25F36CD396}.Release|x86.ActiveCfg = Release|Win32
		{6423FC1D-F4DB-46DB-88CB-5F25F36CD396}.Release|x86.Build.0 = Release|Win32
		{7131BE79-EF96-4609-8042-25A1F4CE4785}.Debug|x64.ActiveCfg = Debug|x64
		{7131BE79-EF96-4609-8042-25A1F4CE4785}.Debug|x64.Build.0 = Debug|x64
		{7131BE79-EF96-4609-8042-25A1F4CE4785}.Debug|x86.ActiveCfg = Debug|Win32
		{7131BE79-EF96-4609-8042-25A1F4CE4785}.Debug|x86.Build.0 = Debug|Win32
		{7131BE79-EF96-4609-8042-25A1F4CE4785}.Release|x64.ActiveCfg = Release|x64
		{7131BE79-EF96-4609-8042-25A1F4CE4785}.Release|x64.Build.0 = Release|x64
		{7131BE79-EF96-4609-8042-25A1F4CE4785}.Release|x86.ActiveCfg = Release|Win32
		{7131BE79-EF96-4609-8042-25A1F4CE4785}.Release|x86.Build.0 = Release|Win32
		{EBDA59B4-CEFF-493E-9537-9A404FE0FB3A}.Debug|x64.ActiveCfg = Debug|x64
		{EBDA59B4-CEFF-493E-9537-9A404FE0FB3A}.Debug|x64.Build.0 = Debug|x64
		{EBDA59B4-CEFF-493E-9537-9A404FE0FB3A}.Debug|x86.ActiveCfg = Debug|Win32
		{EBDA59B4-CEFF-493E-9537-9A404FE0FB3A}.Debug|x86.Build.0 = Debug|Win32
		{EBDA59B4-CEFF-493E-9537-9A404FE0FB3A}.Release|x64.ActiveCfg = Release|x64
		{EBDA59B4-CEFF-493E-9537-9A404FE0FB3A}.Release|x64.Build.0 = Release|x64
		{EBDA59B4-CEFF-493E-9537-9A404FE0FB3A}.Release|x86.ActiveCfg = Release|Win32
		{EBDA59B4-CEFF-493E-9537-9A404FE0FB3A}.Release|x86.Build.0 = Release|Win32
		{AA0AF830-D27B-4F03-A00C-316EA70E9418}.Debug|x64.ActiveCfg = Debug|x64
		{AA0AF830-D27B-4F03-A00C-316EA70E9418}.Debug|x64.Build.0 = Debug|x64
		{AA0AF830-D27B-4F03-A00C-316EA70E9418}.Debug|x86.ActiveCfg = Debug|Win32
		{AA0AF830-D27B-4F03-A00C-316EA70E9418}.Debug|x86.Build.0 = Debug|Win32
		{AA0AF830-D27B-4F03-A00C-316EA70E9418}.Release|x64.ActiveCfg = Release|x64
		{AA0AF830-D27B-4F03-A00C-316EA70E9418}.Release|x64.Build.0 = Release|x64
		{AA0AF830-D27B-4F03-A00C-316EA70E9418}.Release|x86.ActiveCfg = Release|Win32
		{AA0AF830-D27B-4F03-A00C-316EA70E9418}.Release|x86.Build.0 = Release|Win32
		{881CECF2-F595-432A-A3AA-E559A5FC1A76}.Debug|x64.ActiveCfg = Debug|x64
		{881CECF2-F595-432A-A3AA-E559A5FC1A76}.Debug|x64.Build.0 = Debug|x64
		{881CECF2-F595-432A-A3AA-E559A5FC1A76}.Debug|x86.ActiveCfg = Debug|Win32
		{881CECF2-F595-432A-A3AA-E559A5FC1A76}.Debug|x86.Build.0 = Debug|Win32
		{881CECF2-F595-432A-A3AA-E559A5FC1A76}.Release|x64.ActiveCfg = Release|x64
		{881CECF2-F595-432A-A3AA-E559A5FC1A76}.Release|x64.Build.0 = Release|x64
		{881CECF2-F595-432A-A3AA-E559A5FC1A76}.Release|x86.ActiveCfg = Release|Win32
		{881CECF2-F595-432A-A3AA-E559A5FC1A76}.Release|x86.Build.0 = Release|Win32
		{CF2D6FED-AB7F-48D9-A533-D2A111E03636}.Debug|x64.ActiveCfg = Debug|x64
		{CF2D6FED-AB7F-48D9-A533-D2A111E03636}.Debug|x64.Build.0 = Debug|x64
		{CF2D6FED-AB7F-48D9-A533-D2A111E03636}.Debug|x86.ActiveCfg = Debug|Win32
		{CF2D6FED-AB7F-48D9-A533-D2A111E03636}.Debug|x86.Build.0 = Debug|Win32
		{CF2D6FED-AB7F-48D9-A533-D2A111E03636}.Release|x64.ActiveCfg = Release|x64
		{CF2D6FED-AB7F-48D9-A533-D2A111E03636}.Release|x64.Build.0 = Release|x64
		{CF2D6FED-AB7F-48D9-A533-D2A111E03636}.Release|x86.ActiveCfg = Release|Win32
		{CF2D6FED-AB7F-48D9-A533-D2A111E03636}.Release|x86.Build.0 = Release|Win32
		{84B5C11A-4AE6-4D88-8E00-C81442213FF2}.Debug|x64.ActiveCfg = Debug|x64
		{84B5C11A-4AE6-4D88-8E00-C81442213FF2}.Debug|x64.Build.0 = Debug|x64
		{84B5C11A-4AE6-4D88-8E00-C81442213FF2}.Debug|x86.ActiveCfg = Debug|Win32
		{84B5C11A-4AE6-4D88-8E00-C81442213FF2}.Debug|x86.Build.0 = Debug|Win32
		{84B5C11A-4AE6-4D88-8E00-C81442213FF2}.Release|x64.ActiveCfg = Release|x64
		{84B5C11A-4AE6-4D88-8E00-C81442213FF2}.Release|x64.Build.0 = Release|x64
		{84B5C11A-4AE6-4D88-8E00-C81442213FF2}.Release|x86.ActiveCfg = Release|Win32
		{84B5C11A-4AE6-4D88-8E00-C81442213FF2}.Release|x86.Build.0 = Release|Win32
		{4765BD22-C32D-4E6E-90CD-AADED28591A1}.Debug|x64.ActiveCfg = Debug|x64
		{4765BD22-C32D-4E6E-90CD-AADED28591A1}.Debug|x64.Build.0 = Debug|x64
		{4765BD22-C32D-4E6E-90CD-AADED28591A1}.Debug|x86.ActiveCfg = Debug|Win32
		{4765BD22-C32D-4E6E-90CD-AADED28591A1}.Debug|x86.Build.0 = Debug|Win32
		{4765BD22-C32D-4E6E-90CD-AADED28591A1}.Release|x64.ActiveCfg = Release|x64
		{4765BD22-C32D-4E6E-90CD-AADED28591A1}.Release|x64.Build.0 = Release|x64
		{4765BD22-C32D-4E6E-90CD-AADED28591A1}.Release|x86.ActiveCfg = Release|Win32
		{4765BD22-C32D-4E6E-90CD-AADED28591A1}.Release|x86.Build.0 = Release|Win32
		{A4564C7A-5904-4134-909B-6A3025218140}.Debug|x64.ActiveCfg = Debug|x64
		{A4564C7A-5904-4134-909B-6A3025218140}.Debug|x64.Build.0 = Debug|x64
		{A4564C7A-5904-4134-909B-6A3025218140}.Debug|x86.ActiveCfg = Debug|Win32
		{A4564C7A-5904-4134-909B-6A3025218140}.Debug|x86.Build.0 = Debug|Win32
		{A4564C7A-5904-4134-909B-6A3025218140}.Release|x64.ActiveCfg = Release|x64
		{A4564C7A-5904-4134-909B-6A3025218140}.Release|x64.Build.0 = Release|x64
		{A4564C7A-5904-4134-909B-6A3025218140}.Release|x86.ActiveCfg = Release|Win32
		{A4564C7A-5904-4134-909B-6A3025218140}.Release|x86.Build.0 = Release|Win32
		{02CEF1FF-FCB9-45E8-AF66-C635E78F691D}.Debug|x64.ActiveCfg = Debug|x64
		{02CEF1FF-FCB9-45E8-AF66-C635E78F691D}.Debug|x64.Build.0 = Debug|x64
		{02CEF1FF-FCB9-45E8-AF66-C635E78F691D}.Debug|x86.ActiveCfg = Debug|Win32
		{02CEF1FF-FCB9-45E8-AF66-C635E78F691D}.Debug|x86.Build.0 = Debug|Win32
		{02CEF1FF-FCB9-45E8-AF66-C635E78F691D}.Release|x64.ActiveCfg = Release|x64
		{02CEF1FF-FCB9-45E8-AF66-C635E78F691D}.Release|x64.Build.0 = Release|x64
		{02CEF1FF-FCB9-45E8-AF66-C635E78F691D}.Release|x86.ActiveCfg = Release|Win32
		{02CEF1FF-FCB9-45E8-AF66-C635E78F691D}.Release|x86.Build.0 = Release|Win32
		{262B4EF2-B93D-4F8A-A85D-6A2F9836456B}.Debug|x64.ActiveCfg = Debug|x64
		{262B4EF2-B93D-4F8A-A85D-6A2F9836456B}.Debug|x64.Build.0 = Debug|x64
		{262B4EF2-B93D-4F8A-A85D-6A2F9836456B}.Debug|x86.ActiveCfg = Debug|Win32
		{262B4EF2-B93D-4F8A-A85D-6A2F9836456B}.Debug|x86.Build.0 = Debug|Win32
		{262B4EF2-B93D-4F8A-A85D-6A2F9836456B}.Release|x64.ActiveCfg = Release|x64
		{262B4EF2-B93D-4F8A-A85D-6A2F9836456B}.Release|x64.Build.0 = Release|x64
		{262B4EF2-B93D-4F8A-A85D-6A2F9836456B}.Release|x86.ActiveCfg = Release|Win32
		{262B4EF2-B93D-4F8A-A85D-6A2F9836456B}.Release|x86.Build.0 = Release|Win32
		{C970F947-ABDE-4AC8-B29D-80B0A509C27F}.Debug|x64.ActiveCfg = Debug|x64
		{C970F947-ABDE-4AC8-B29D-80B0A509C27F}.Debug|x64.Build.0 = Debug|x64
		{C970F947-ABDE-4AC8-B29D-80B0A509C27F}.Debug|x86.ActiveCfg = Debug|Win32
		{C970F947-ABDE-4AC8-B29D-80B0A509C27F}.Debug|x86.Build.0 = Debug|Win32
		{C970F947-ABDE-4AC8-B29D-80B0A509C27F}.Release|x64.ActiveCfg = Release|x64
		{C970F947-ABDE-4AC8-B29D-80B0A509C27F}.Release|x64.Build.0 = Release|x64
		{C970F947-ABDE-4AC8-B29D-80B0A509C27F}.Release|x86.ActiveCfg = Release|Win32
		{C970F947-ABDE-4AC8-B29D-80B0A509C27F}.Release|x86.Build.0 = Release|Win32
		{78A66CF4-F198-4613-96EC-68E95699415B}.Debug|x64.ActiveCfg = Debug|x64
		{78A66CF4-F198-4613-96EC-68E95699415B}.Debug|x64.Build.0 = Debug|x64
		{78A66CF4-F198-4613-96EC-68E95699415B}.Debug|x86.ActiveCfg = Debug|Win32
		{78A66CF4-F198-4613-96EC-68E95699415B}.Debug|x86.Build.0 = Debug|Win32
		{78A66CF4-F198-4613-96EC-68E95699415B}.Release|x64.ActiveCfg = Release|x64
		{78A66CF4-F198-4613-96EC-68E95699415B}.Release|x64.Build.0 = Release|x64
		{78A66CF4-F198-4613-96EC-68E95699415B}.Release|x86.ActiveCfg = Release|Win32
		{78A66CF4-F198-4613-96EC-68E95699415B}.Release|x86.Build.0 = Release|Win32
		{D961E319-DF6D-49E7-BEE4-5737779EEA27}.Debug|x64.ActiveCfg = Debug|x64
		{D961E319-DF6D-49E7-BEE4-5737779EEA27}.Debug|x64.Build.0 = Debug|x64
		{D961E319-DF6D-49E7-BEE4-5737779EEA27}.Debug|x86.ActiveCfg = Debug|Win32
		{D961E319-DF6D-49E7-BEE4-5737779EEA27}.Debug|x86.Build.0 = Debug|Win32
		{D961E319-DF6D-49E7-BEE4-5737779EEA27}.Release|x64.ActiveCfg = Release|x64
		{D961E319-DF6D-49E7-BEE4-5737779EEA27}.Release|x64.Build.0 = Release|x64
		{D961E319-DF6D-49E7-BEE4-5737779EEA27}.Release|x86.ActiveCfg = Release|Win32
		{D961E319-DF6D-49E7-BEE4-5737779EEA27}.Release|x86.Build.0 = Release|Win32
		{B37BF74F-B29C-4D56-B269-BFF0B40DB7F8}.Debug|x64.ActiveCfg = Debug|x64
		{B37BF74F-B29C-4D56-B269-BFF0B40DB7F8}.Debug|x64.Build.0 = Debug|x64
		{B37BF74F-B29C-4D56-B269-BFF0B40DB7F8}.Debug|x86.ActiveCfg = Debug|Win32
		{B37BF74F-B29C-4D56-B269-BFF0B40DB7F8}.Debug|x86.Build.0 = Debug|Win32
		{B37BF74F-B29C-4D56-B269-BFF0B40DB7F8}.Release|x64.ActiveCfg = Release|x64
		{B37BF74F-B29C-4D56-B269-BFF0B40DB7F8}.Release|x64.Build.0 = Release|x64
		{B37BF74F-B29C-4D56-B269-BFF0B40DB7F8}.Release|x86.ActiveCfg = Release|Win32
		{B37BF74F-B29C-4D56-B269-BFF0B40DB7F8}.Release|x86.Build.0 = Release|Win32
		{0B0BE7CE-A5A1-4E1B-87D7-84428AFE5010}.Debug|x64.ActiveCfg = Debug|x64
		{0B0BE7CE-A5A1-4E1B-87D7-84428AFE5010}.Debug|x64.Build.0 = Debug|x64
		{0B0BE7CE-A5A1-4E1B-87D7-84428AFE5010}.Debug|x86.ActiveCfg = Debug|Win32
		{0B0BE7CE-A5A1-4E1B-87D7-84428AFE5010}.Debug|x86.Build.0 = Debug|Win32
		{0B0BE7CE-A5A1-4E1B-87D7-84428AFE5010}.Release|x64.ActiveCfg = Release|x64
		{0B0BE7CE-A5A1-4E1B-87D7-84428AFE5010}.Release|x64.Build.0 = Release|x64
		{0B0BE7CE-A5A1-4E1B-87D7-84428AFE5010}.Release|x86.ActiveCfg = Release|Win32
		{0B0BE7CE-A5A1-4E1B-87D7-84428AFE5010}.Release|x86.Build.0 = Release|Win32
		{2E4B565D-92A2-4DFC-B7E3-0245D89CAFB3}.Debug|x64.ActiveCfg = Debug|x64
		{2E4B565D-92A2-4DFC-B7E3-0245D89CAFB3}.Debug|x64.Build.0 = Debug|x64
		{2E4B565D-92A2-4DFC-B7E3-0245D89CAFB3}.Debug|x86.ActiveCfg = Debug|Win32
		{2E4B565D-92A2-4DFC-B7E3-0245D89CAFB3}.Debug|x86.Build.0 = Debug|Win32
		{2E4B565D-92A2-4DFC-B7E3-0245D89CAFB3}.Release|x64.ActiveCfg = Release|x64
		{2E4B565D-92A2-4DFC-B7E3-0245D89CAFB3}.Release|x64.Build.0 = Release|x64
		{2E4B565D-92A2-4DFC-B7E3-0245D89CAFB3}.Release|x86.ActiveCfg = Release|Win32
		{2E4B565D-92A2-4DFC-B7E3-0245D89CAFB3}.Release|x86.Build.0 = Release|Win32
		{2025128C-2A19-4EFB-B10F-F3BC9AA08EE0}.Debug|x64.ActiveCfg = Debug|x64
		{2025128C-2A19-4EFB-B10F-F3BC9AA08EE0}.Debug|x64.Build.0 = Debug|x64
		{2025128C-2A19-4EFB-B10F-F3BC9AA08EE0}.Debug|x86.ActiveCfg = Debug|Win32
		{2025128C-2A19-4EFB-B10F-F3BC9AA08EE0}.Debug|x86.Build.0 = Debug|Win32
		{2025128C-2A19-4EFB-B10F-F3BC9AA08EE0}.Release|x64.ActiveCfg = Release|x64
		{2025128C-2A19-4EFB-B10F-F3BC9AA08EE0}.Release|x64.Build.0 = Release|x64
		{2025128C-2A19-4EFB-B10F-F3BC9AA08EE0}.Release|x86.ActiveCfg = Release|Win32
		{2025128C-2A19-4EFB-B10F-F3BC9AA08EE0}.Release|x86.Build.0 = Release|Win32
		{7F1B106E-58AA-4C5A-AEE9-FBA958DD6373}.Debug|x64.ActiveCfg = Debug|x64
		{7F1B106E-58AA-4C5A-AEE9-FBA958DD6373}.Debug|x64.Build.0 = Debug|x64
		{7F1B106E-58AA-4C5A-AEE9-FBA958DD6373}.Debug|x86.ActiveCfg = Debug|Win32
		{7F1B106E-58AA-4C5A-AEE9-FBA958DD6373}.Debug|x86.Build.0 = Debug|Win32
		{7F1B106E-58AA-4C5A-AEE9-FBA958DD6373}.Release|x64.ActiveCfg = Release|x64
		{7F1B106E-58AA-4C5A-AEE9-FBA958DD6373}.Release|x64.Build.0 = Release|x64
		{7F1B106E-58AA-4C5A-AEE9-FBA958DD6373}.Release|x86.ActiveCfg = Release|Win32
		{7F1B106E-58AA-4C5A-AEE9-FBA958DD6373}.Release|x86.Build.0 = Release|Win32
		{A735EC53-5F9B-42C0-BDB9-B3EFDFB46DE0}.Debug|x64.ActiveCfg = Debug|x64
		{A735EC53-5F9B-42C0-BDB9-B3EFDFB46DE0}.Debug|x64.Build.0 = Debug|x64
		{A735EC53-5F9B-42C0-BDB9-B3EFDFB46DE0}.Debug|x86.ActiveCfg = Debug|Win32
		{A735EC53-5F9B-42C0-BDB9-B3EFDFB46DE0}.Debug|x86.Build.0 = Debug|Win32
		{A735EC53-5F9B-42C0-BDB9-B3EFDFB46DE0}.Release|x64.ActiveCfg = Release|x64
		{A735EC53-5F9B-42C0-BDB9-B3EFDFB46DE0}.Release|x64.Build.0 = Release|x64
		{A735EC53-5F9B-42C0-BDB9-B3EFDFB46DE0}.Release|x86.ActiveCfg = Release|Win32
		{A735EC53-5F9B-42C0-BDB9-B3EFDFB46DE0}.Release|x86.Build.0 = Release|Win32
		{5FD9973F-DB51-4E25-BFA1-216B19B9E0D4}.Debug|x64.ActiveCfg = Debug|x64
		{5FD9973F-DB51-4E25-BFA1-216B19B9E0D4}.Debug|x64.Build.0 = Debug|x64
		{5FD9973F-DB51-4E25-BFA1-216B19B9E0D4}.Debug|x86.ActiveCfg = Debug|Win32
		{5FD9973F-DB51-4E25-BFA1-216B19B9E0D4}.Debug|x86.Build.0 = Debug|Win32
		{5FD9973F-DB51-4E25-BFA1-216B19B9E0D4}.Release|x64.ActiveCfg = Release|x64
		{5FD9973F-DB51-4E25-BFA1-216B19B9E0D4}.Release|x64.Build.0 = Release|x64
		{5FD9973F-DB51-4E25-BFA1-216B19B9E0D4}.Release|x86.ActiveCfg = Release|Win32
		{5FD9973F-DB51-4E25-BFA1-216B19B9E0D4}.Release|x86.Build.0 = Release|Win32
		{EA258AB8-456D-46E7-A437-08D1AEBD5038}.Debug|x64.ActiveCfg = Debug|x64
		{EA258AB8-456D-46E7-A437-08D1AEBD5038}.Debug|x64.Build.0 = Debug|x64
		{EA258AB8-456D-46E7-A437-08D1AEBD5038}.Debug|x86.ActiveCfg = Debug|Win32
		{EA258AB8-456D-46E7-A437-08D1AEBD5038}.Debug|x86.Build.0 = Debug|Win32
		{EA258AB8-456D-46E7-A437-08D1AEBD5038}.Release|x64.ActiveCfg = Release|x64
		{EA258AB8-456D-46E7-A437-08D1AEBD5038}.Release|x64.Build.0 = Release|x64
		{EA258AB8-456D-46E7-A437-08D1AEBD5038}.Release|x86.ActiveCfg = Release|Win32
		{EA258AB8-456D-46E7-A437-08D1AEBD5038}.Release|x86.Build.0 = Release|Win32
		{93339B63-75A3-482B-9004-05B98BB286A4}.Debug|x64.ActiveCfg = Debug|x64
		{93339B63-75A3-482B-9004-05B98BB286A4}.Debug|x64.Build.0 = Debug|x64
		{93339B63-75A3-482B-9004-05B98BB286A4}.Debug|x86.ActiveCfg = Debug|Win32
		{93339B63-75A3-482B-9004-05B98BB286A4}.Debug|x86.Build.0 = Debug|Win32
		{93339B63-75A3-482B-9004-05B98BB286A4}.Release|x64.ActiveCfg = Release|x64
		{93339B63-75A3-482B-9004-05B98BB286A4}.Release|x64.Build.0 = Release|x64
		{93339B63-75A3-482B-9004-05B98BB286A4}.Release|x86.ActiveCfg = Release|Win32
		{93339B63-75A3-482B-9004-05B98BB286A4}.Release|x86.Build.0 = Release|Win32
		{E50A303E-E9DD-44BC-A1C9-B19589559261}.Debug|x64.ActiveCfg = Debug|x64
		{E50A303E-E9DD-44BC-A1C9-B19589559261}.Debug|x64.Build.0 = Debug|x64
		{E50A303E-E9DD-44BC-A1C9-B19589559261}.Debug|x86.ActiveCfg = Debug|Win32
		{E50A303E-E9DD-44BC-A1C9-B19589559261}.Debug|x86.Build.0 = Debug|Win32
		{E50A303E-E9DD-44BC-A1C9-B19589559261}.Release|x64.ActiveCfg = Release|x64
		{E50A303E-E9DD-44BC-A1C9-B19589559261}.Release|x64.Build.0 = Release|x64
		{E50A303E-E9DD-44BC-A1C9-B19589559261}.Release|x86.ActiveCfg = Release|Win32
		{E50A303E-E9DD-44BC-A1C9-B19589559261}.Release|x86.Build.0 = Release|Win32
		{7703D6C9-ACB7-481E-9AA4-2F756CC87DB4}.Debug|x64.ActiveCfg = Debug|x64
		{7703D6C9-ACB7-481E-9AA4-2F756CC87DB4}.Debug|x64.Build.0 = Debug|x64
		{7703D6C9-ACB7-481E-9AA4-2F756CC87DB4}.Debug|x86.ActiveCfg = Debug|Win32
		{7703D6C9-ACB7-481E-9AA4-2F756CC87DB4}.Debug|x86.Build.0 = Debug|Win32
		{7703D6C9-ACB7-481E-9AA4-2F756CC87DB4}.Release|x64.ActiveCfg = Release|x64
		{7703D6C9-ACB7-481E-9AA4-2F756CC87DB4}.Release|x64.Build.0 = Release|x64
		{7703D6C9-ACB7-481E-9AA4-2F756CC87DB4}.Release|x86.ActiveCfg = Release|Win32
		{7703D6C9-ACB7-481E-9AA4-2F756CC87DB4}.Release|x86.Build.0 = Release|Win32
		{233DF85B-20C1-46BE-A64C-42E07E4AC504}.Debug|x64.ActiveCfg = Debug|x64
		{233DF85B-20C1-46BE-A64C-42E07E4AC504}.Debug|x64.Build.0 = Debug|x64
		{233DF85B-20C1-46BE-A64C-42E07E4AC504}.Debug|x86.ActiveCfg = Debug|Win32
		{233DF85B-20C1-46BE-A64C-42E07E4AC504}.Debug|x86.Build.0 = Debug|Win32
		{233DF85B-20C1-46BE-A64C-42E07E4AC504}.Release|x64.ActiveCfg = Release|x64
		{233DF85B-20C1-46BE-A64C-42E07E4AC504}.Release|x64.Build.0 = Release|x64
		{233DF85B-20C1-46BE-A64C-42E07E4AC504}.Release|x86.ActiveCfg = Release|Win32
		{233DF85B-20C1-46BE-A64C-42E07E4AC504}.Release|x86.Build.0 = Release|Win32
		{0C77E82E-C6CF-4B5B-9CC3-5855FD7F1B4B}.Debug|x64.ActiveCfg = Debug|x64
		{0C77E82E-C6CF-4B5B-9CC3-5855FD7F1B4B}.Debug|x64.Build.0 = Debug|x64
		{0C77E82E-C6CF-4B5B-9CC3-5855FD7F1B4B}.Debug|x86.ActiveCfg = Debug|Win32
		{0C77E82E-C6CF-4B5B-9CC3-5855FD7F1B4B}.Debug|x86.Build.0 = Debug|Win32
		{0C77E82E-C6CF-4B5B-9CC3-5855FD7F1B4B}.Release|x64.ActiveCfg = Release|x64
		{0C77E82E-C6CF-4B5B-9CC3-5855FD7F1B4B}.Release|x64.Build.0 = Release|x64
		{0C77E82E-C6CF-4B5B-9CC3-5855FD7F1B4B}.Release|x86.ActiveCfg = Release|Win32
		{0C77E82E-C6CF-4B5B-9CC3-5855FD7F1B4B}.Release|x86.Build.0 = Release|Win32
		{8B811486-09B7-4056-89B0-E4C247999FEC}.Debug|x64.ActiveCfg = Debug|x64
		{8B811486-09B7-4056-89B0-E4C247999FEC}.Debug|x64.Build.0 = Debug|x64
		{8B811486-09B7-4056-89B0-E4C247999FEC}.Debug|x86.ActiveCfg = Debug|Win32
		{8B811486-09B7-4056-89B0-E4C247999FEC}.Debug|x86.Build.0 = Debug|Win32
		{8B811486-09B7-4056-89B0-E4C247999FEC}.Release|x64.ActiveCfg = Release|x64
		{8B811486-09B7-4056-89B0-E4C247999FEC}.Release|x64.Build.0 = Release|x64
		{8B811486-09B7-4056-89B0-E4C247999FEC}.Release|x86.ActiveCfg = Release|Win32
		{8B811486-09B7-4056-89B0-E4C247999FEC}.Release|x86.Build.0 = Release|Win32
		{D4347853-2B12-4F8D-A873-729F516DA024}.Debug|x64.ActiveCfg = Debug|x64
		{D4347853-2B12-4F8D-A873-729F516DA024}.Debug|x64.Build.0 = Debug|x64
		{D4347853-2B12-4F8D-A873-729F516DA024}.Debug|x86.ActiveCfg = Debug|Win32
		{D4347853-2B12-4F8D-A873-729F516DA024}.Debug|x86.Build.0 = Debug|Win32
		{D4347853-2B12-4F8D-A873-729F516DA024}.Release|x64.ActiveCfg = Release|x64
		{D4347853-2B12-4F8D-A873-729F516DA024}.Release|x64.Build.0 = Release|x64
		{D4347853-2B12-4F8D-A873-729F516DA024}.Release|x86.ActiveCfg = Release|Win32
		{D4347853-2B12-4F8D-A873-729F516DA024}.Release|x86.Build.0 = Release|Win32
		{BF191FA2-6F27-48EA-A1EB-BA8EFFD5B127}.Debug|x64.ActiveCfg = Debug|x64
		{BF191FA2-6F27-48EA-A1EB-BA8EFFD5B127}.Debug|x64.Build.0 = Debug|x64
		{BF191FA2-6F27-48EA-A1EB-BA8EFFD5B127}.Debug|x86.ActiveCfg = Debug|Win32
		{BF191FA2-6F27-48EA-A1EB-BA8EFFD5B127}.Debug|x86.Build.0 = Debug|Win32
		{BF191FA2-6F27-48EA-A1EB-BA8EFFD5B127}.Release|x64.ActiveCfg = Release|x64
		{BF191FA2-6F27-48EA-A1EB-BA8EFFD5B127}.Release|x64.Build.0 = Release|x64
		{BF191FA2-6F27-48EA-A1EB-BA8EFFD5B127}.Release|x86.ActiveCfg = Release|Win32
		{BF191FA2-6F27-48EA-A1EB-BA8EFFD5B127}.Release|x86.Build.0 = Release|Win32
		{A2D769C0-77F5-46F6-AA33-B950E3EEA5E3}.Debug|x64.ActiveCfg = Debug|x64
		{A2D769C0-77F5-46F6-AA33-B950E3EEA5E3}.Debug|x64.Build.0 = Debug|x64
		{A2D769C0-77F5-46F6-AA33-B950E3EEA5E3}.Debug|x86.ActiveCfg = Debug|Win32
		{A2D769C0-77F5-46F6-AA33-B950E3EEA5E3}.Debug|x86.Build.0 = Debug|Win32
		{A2D769C0-77F5-46F6-AA33-B950E3EEA5E3}.Release|x64.ActiveCfg = Release|x64
		{A2D769C0-77F5-46F6-AA33-B950E3EEA5E3}.Release|x64.Build.0 = Release|x64
		{A2D769C0-77F5-46F6-AA33-B950E3EEA5E3}.Release|x86.ActiveCfg = Release|Win32
		{A2D769C0-77F5-46F6-AA33-B950E3EEA5E3}.Release|x86.Build.0 = Release|Win32
		{F6427650-F147-4986-AEC3-5FA93A773777}.Debug|x64.ActiveCfg = Debug|x64
		{F6427650-F147-4986-AEC3-5FA93A773777}.Debug|x64.Build.0 = Debug|x64
		{F6427650-F147-4986-AEC3-5FA93A773777}.Debug|x86.ActiveCfg = Debug|Win32
		{F6427650-F147-4986-AEC3-5FA93A773777}.Debug|x86.Build.0 = Debug|Win32
		{F6427650-F147-4986-AEC3-5FA93A773777}.Release|x64.ActiveCfg = Release|x64
		{F6427650-F147-4986-AEC3-5FA93A773777}.Release|x64.Build.0 = Release|x64
		{F6427650-F147-4986-AEC3-5FA93A773777}.Release|x86.ActiveCfg = Release|Win32
		{F6427650-F147-4986-AEC3-5FA93A773777}.Release|x86.Build.0 = Release|Win32
		{9BCAFC8D-DAD0-4BFF-8C6A-0AF08A16F79D}.Debug|x64.ActiveCfg = Debug|x64
		{9BCAFC8D-DAD0-4BFF-8C6A-0AF08A16F79D}.Debug|x64.Build.0 = Debug|x64
		{9BCAFC8D-DAD0-4BFF-8C6A-0AF08A16F79D}.Debug|x86.ActiveCfg = Debug|Win32
		{9BCAFC8D-DAD0-4BFF-8C6A-0AF08A16F79D}.Debug|x86.Build.0 = Debug|Win32
		{9BCAFC8D-DAD0-4BFF-8C6A-0AF08A16F79D}.Release|x64.ActiveCfg = Release|x64
		{9BCAFC8D-DAD0-4BFF-8C6A-0AF08A16F79D}.Release|x64.Build.0 = Release|x64
		{9BCAFC8D-DAD0-4BFF-8C6A-0AF08A16F79D}.Release|x86.ActiveCfg = Release|Win32
		{9BCAFC8D-DAD0-4BFF-8C6A-0AF08A16F79D}.Release|x86.Build.0 = Release|Win32
		{F7E34855-E9C9-43B4-88EC-0CE845F74912}.Debug|x64.ActiveCfg = Debug|x64
		{F7E34855-E9C9-43B4-88EC-0CE845F74912}.Debug|x64.Build.0 = Debug|x64
		{F7E34855-E9C9-43B4-88EC-0CE845F74912}.Debug|x86.ActiveCfg = Debug|Win32
		{F7E34855-E9C9-43B4-88EC-0CE845F74912}.Debug|x86.Build.0 = Debug|Win32
		{F7E34855-E9C9-43B4-88EC-0CE845F74912}.Release|x64.ActiveCfg = Release|x64
		{F7E34855-E9C9-43B4-88EC-0CE845F74912}.Release|x64.Build.0 = Release|x64
		{F7E34855-E9C9-43B4-88EC-0CE845F74912}.Release|x86.ActiveCfg = Release|Win32
		{F7E34855-E9C9-43B4-88EC-0CE845F74912}.Release|x86.Build.0 = Release|Win32
		{CAA41FD7-D044-4C42-8EF5-4161113F7BCE}.Debug|x64.ActiveCfg = Debug|x64
		{CAA41FD7-D044-4C42-8EF5-4161113F7BCE}.Debug|x64.Build.0 = Debug|x64
		{CAA41FD7-D044-4C42-8EF5-4161113F7BCE}.Debug|x86.ActiveCfg = Debug|Win32
		{CAA41FD7-D044-4C42-8EF5-4161113F7BCE}.Debug|x86.Build.0 = Debug|Win32
		{CAA41FD7-D044-4C42-8EF5-4161113F7BCE}.Release|x64.ActiveCfg = Release|x64
		{CAA41FD7-D044-4C42-8EF5-4161113F7BCE}.Release|x64.Build.0 = Release|x64
		{CAA41FD7-D044-4C42-8EF5-4161113F7BCE}.Release|x86.ActiveCfg = Release|Win32
		{CAA41FD7-D044-4C42-8EF5-4161113F7BCE}.Release|x86.Build.0 = Release|Win32
		{9A175D64-2394-451A-BF00-86F05248DC84}.Debug|x64.ActiveCfg = Debug|x64
		{9A175D64-2394-451A-BF00-86F05248DC84}.Debug|x64.Build.0 = Debug|x64
		{9A175D64-2394-451A-BF00-86F05248DC84}.Debug|x86.ActiveCfg = Debug|Win32
		{9A175D64-2394-451A-BF00-86F05248DC84}.Debug|x86.Build.0 = Debug|Win32
		{9A175D64-2394-451A-BF00-86F05248DC84}.Release|x64.ActiveCfg = Release|x64
		{9A175D64-2394-451A-BF00-86F05248DC84}.Release|x64.Build.0 = Release|x64
		{9A175D64-2394-451A-BF00-86F05248DC84}.Release|x86.ActiveCfg = Release|Win32
		{9A175D64-2394-451A-BF00-86F05248DC84}.Release|x86.Build.0 = Release|Win32
		{1FB78808-10FB-4456-ADAA-77EC66EEEEBB}.Debug|x64.ActiveCfg = Debug|x64
		{1FB78808-10FB-4456-ADAA-77EC66EEEEBB}.Debug|x64.Build.0 = Debug|x64
		{1FB78808-10FB-4456-ADAA-77EC66EEEEBB}.Debug|x86.ActiveCfg = Debug|Win32
		{1FB78808-10FB-4456-ADAA-77EC66EEEEBB}.Debug|x86.Build.0 = Debug|Win32
		{1FB78808-10FB-4456-ADAA-77EC66EEEEBB}.Release|x64.ActiveCfg = Release|x64
		{1FB78808-10FB-4456-ADAA-77EC66EEEEBB}.Release|x64.Build.0 = Release|x64
		{1FB78808-10FB-4456-ADAA-77EC66EEEEBB}.Release|x86.ActiveCfg = Release|Win32
		{1FB78808-10FB-4456-ADAA-77EC66EEEEBB}.Release|x86.Build.0 = Release|Win32
		{43409301-D9ED-4ADF-A4DD-C3349D6020F8}.Debug|x64.ActiveCfg = Debug|x64
		{43409301-D9ED-4ADF-A4DD-C3349D6020F8}.Debug|x64.Build.0 = Debug|x64
		{43409301-D9ED-4ADF-A4DD-C3349D6020F8}.Debug|x86.ActiveCfg = Debug|Win32
		{43409301-D9ED-4ADF-A4DD-C3349D6020F8}.Debug|x86.Build.0 = Debug|Win32
		{43409301-D9ED-4ADF-A4DD-C3349D6020F8}.Release|x64.ActiveCfg = Release|x64
		{43409301-D9ED-4ADF-A4DD-C3349D6020F8}.Release|x64.Build.0 = Release|x64
		{43409301-D9ED-4ADF-A4DD-C3349D6020F8}.Release|x86.ActiveCfg = Release|Win32
		{43409301-D9ED-4ADF-A4DD-C3349D6020F8}.Release|x86.Build.0 = Release|Win32
		{561E99A2-E70D-4301-B66A-5654D87714E6}.Debug|x64.ActiveCfg = Debug|x64
		{561E99A2-E70D-4301-B66A-5654D87714E6}.Debug|x64.Build.0 = Debug|x64
		{561E99A2-E70D-4301-B66A-5654D87714E6}.Debug|x86.ActiveCfg = Debug|Win32
		{561E99A2-E70D-4301-B66A-5654D87714E6}.Debug|x86.Build.0 = Debug|Win32
		{561E99A2-E70D-4301-B66A-5654D87714E6}.Release|x64.ActiveCfg = Release|x64
		{561E99A2-E70D-4301-B66A-5654D87714E6}.Release|x64.Build.0 = Release|x64
		{561E99A2-E70D-4301-B66A-5654D87714E6}.Release|x86.ActiveCfg = Release|Win32
		{561E99A2-E70D-4301-B66A-5654D87714E6}.Release|x86.Build.0 = Release|Win32
		{E44D2E67-F2F5-4FDC-BFDB-DD71EB26597A}.Debug|x64.ActiveCfg = Debug|x64
		{E44D2E67-F2F5-4FDC-BFDB-DD71EB26597A}.Debug|x64.Build.0 = Debug|x64
		{E44D2E67-F2F5-4FDC-BFDB-DD71EB26597A}.Debug|x86.ActiveCfg = Debug|Win32
		{E44D2E67-F2F5-4FDC-BFDB-DD71EB26597A}.Debug|x86.Build.0 = Debug|Win32
		{E44D2E67-F2F5-4FDC-BFDB-DD71EB26597A}.Release|x64.ActiveCfg = Release|x64
		{E44D2E67-F2F5-4FDC-BFDB-DD71EB26597A}.Release|x64.Build.0 = Release|x64
		{E44D2E67-F2F5-4FDC-BFDB-DD71EB26597A}.Release|x86.ActiveCfg = Release|Win32
		{E44D2E67-F2F5-4FDC-BFDB-DD71EB26597A}.Release|x86.Build.0 = Release|Win32
		{BDDAD32C-0750-41D8-BD27-3040AACC1915}.Debug|x64.ActiveCfg = Debug|x64
		{BDDAD32C-0750-41D8-BD27-3040AACC1915}.Debug|x64.Build.0 = Debug|x64
		{BDDAD32C-0750-41D8-BD27-3040AACC1915}.Debug|x86.ActiveCfg = Debug|Win32
		{BDDAD32C-0750-41D8-BD27-3040AACC1915}.Debug|x86.Build.0 = Debug|Win32
		{BDDAD32C-0750-41D8-BD27-3040AACC1915}.Release|x64.ActiveCfg = Release|x64
		{BDDAD32C-0750-41D8-BD27-3040AACC1915}.Release|x64.Build.0 = Release|x64
		{BDDAD32C-0750-41D8-BD27-3040AACC1915}.Release|x86.ActiveCfg = Release|Win32
		{BDDAD32C-0750-41D8-BD27-3040AACC1915}.Release|x86.Build.0 = Release|Win32
		{E9E0AA4F-69F3-4E2B-88A2-A9B0457D2154}.Debug|x64.ActiveCfg = Debug|x64
		{E9E0AA4F-69F3-4E2B-88A2-A9B0457D2154}.Debug|x64.Build.0 = Debug|x64
		{E9E0AA4F-69F3-4E2B-88A2-A9B0457D2154}.Debug|x86.ActiveCfg = Debug|Win32
		{E9E0AA4F-69F3-4E2B-88A2-A9B0457D2154}.Debug|x86.Build.0 = Debug|Win32
		{E9E0AA4F-69F3-4E2B-88A2-A9B0457D2154}.Release|x64.ActiveCfg = Release|x64
		{E9E0AA4F-69F3-4E2B-88A2-A9B0457D2154}.Release|x64.Build.0 = Release|x64
		{E9E0AA4F-69F3-4E2B-88A2-A9B0457D2154}.Release|x86.ActiveCfg = Release|Win32
		{E9E0AA4F-69F3-4E2B-88A2-A9B0457D2154}.Release|x86.Build.0 = Release|Win32
		{9142F864-7C4C-461D-B21A-2063645D0F24}.Debug|x64.ActiveCfg = Debug|x64
		{9142F864-7C4C-461D-B21A-2063645D0F24}.Debug|x64.Build.0 = Debug|x64
		{9142F864-7C4C-461D-B21A-2063645D0F24}.Debug|x86.ActiveCfg = Debug|Win32
		{9142F864-7C4C-461D-B21A-2063645D0F24}.Debug|x86.Build.0 = Debug|Win32
		{9142F864-7C4C-461D-B21A-2063645D0F24}.Release|x64.ActiveCfg = Release|x64
		{9142F864-7C4C-461D-B21A-2063645D0F24}.Release|x64.Build.0 = Release|x64
		{9142F864-7C4C-461D-B21A-2063645D0F24}.Release|x86.ActiveCfg = Release|Win32
		{9142F864-7C4C-461D-B21A-2063645D0F24}.Release|x86.Build.0 = Release|Win32
		{BDE56E59-D5B3-4A49-8E79-81B85B891776}.Debug|x64.ActiveCfg = Debug|x64
		{BDE56E59-D5B3-4A49-8E79-81B85B891776}.Debug|x64.Build.0 = Debug|x64
		{BDE56E59-D5B3-4A49-8E79-81B85B891776}.Debug|x86.ActiveCfg = Debug|Win32
		{BDE56E59-D5B3-4A49-8E79-81B85B891776}.Debug|x86.Build.0 = Debug|Win32
		{BDE56E59-D5B3-4A49-8E79-81B85B891776}.Release|x64.ActiveCfg = Release|x64
		{BDE56E59-D5B3-4A49-8E79-81B85B891776}.Release|x64.Build.0 = Release|x64
		{BDE56E59-D5B3-4A49-8E79-81B85B891776}.Release|x86.ActiveCfg = Release|Win32
		{BDE56E59-D5B3-4A49-8E79-81B85B891776}.Release|x86.Build.0 = Release|Win32
		{4A9DBCDF-106C-452E-A680-DD1DAE4D66D0}.Debug|x64.ActiveCfg = Debug|x64
		{4A9DBCDF-106C-452E-A680-DD1DAE4D66D0}.Debug|x64.Build.0 = Debug|x64
		{4A9DBCDF-106C-452E-A680-DD1DAE4D66D0}.Debug|x86.ActiveCfg = Debug|Win32
		{4A9DBCDF-106C-452E-A680-DD1DAE4D66D0}.Debug|x86.Build.0 = Debug|Win32
		{4A9DBCDF-106C-452E-A680-DD1DAE4D66D0}.Release|x64.ActiveCfg = Release|x64
		{4A9DBCDF-106C-452E-A680-DD1DAE4D66D0}.Release|x64.Build.0 = Release|x64
		{4A9DBCDF-106C-452E-A680-DD1DAE4D66D0}.Release|x86.ActiveCfg = Release|Win32
		{4A9DBCDF-106C-452E-A680-DD1DAE4D66D0}.Release|x86.Build.0 = Release|Win32
		{98B6B463-6B3D-4F47-BF74-E21803E82911}.Debug|x64.ActiveCfg = Debug|x64
		{98B6B463-6B3D-4F47-BF74-E21803E82911}.Debug|x64.Build.0 = Debug|x64
		{98B6B463-6B3D-4F47-BF74-E21803E82911}.Debug|x86.ActiveCfg = Debug|Win32
		{98B6B463-6B3D-4F47-BF74-E21803E82911}.Debug|x86.Build.0 = Debug|Win32
		{98B6B463-6B3D-4F47-BF74-E21803E82911}.Release|x64.ActiveCfg = Release|x64
		{98B6B463-6B3D-4F47-BF74-E21803E82911}.Release|x64.Build.0 = Release|x64
		{98B6B463-6B3D-4F47-BF74-E21803E82911}.Release|x86.ActiveCfg = Release|Win32
		{98B6B463-6B3D-4F47-BF74-E21803E82911}.Release|x86.Build.0 = Release|Win32
		{9AF66FA7-6093-40FA-AEC5-4576DE6010BF}.Debug|x64.ActiveCfg = Debug|x64
		{9AF66FA7-6093-40FA-AEC5-4576DE6010BF}.Debug|x64.Build.0 = Debug|x64
		{9AF66FA7-6093-40FA-AEC5-4576DE6010BF}.Debug|x86.ActiveCfg = Debug|Win32
		{9AF66FA7-6093-40FA-AEC5-4576DE6010BF}.Debug|x86.Build.0 = Debug|Win32
		{9AF66FA7-6093-40FA-AEC5-4576DE6010BF}.Release|x64.ActiveCfg = Release|x64
		{9AF66FA7-6093-40FA-AEC5-4576DE6010BF}.Release|x64.Build.0 = Release|x64
		{9AF66FA7-6093-40FA-AEC5-4576DE6010BF}.Release|x86.ActiveCfg = Release|Win32
		{9AF66FA7-6093-40FA-AEC5-4576DE6010BF}.Release|x86.Build.0 = Release|Win32
		{DB26D28B-5E67-482C-B515-BDC82B028136}.Debug|x64.ActiveCfg = Debug|x64
		{DB26D28B-5E67-482C-B515-BDC82B028136}.Debug|x64.Build.0 = Debug|x64
		{DB26D28B-5E67-482C-B515-BDC82B028136}.Debug|x86.ActiveCfg = Debug|Win32
		{DB26D28B-5E67-482C-B515-BDC82B028136}.Debug|x86.Build.0 = Debug|Win32
		{DB26D28B-5E67-482C-B515-BDC82B028136}.Release|x64.ActiveCfg = Release|x64
		{DB26D28B-5E67-482C-B515-BDC82B028136}.Release|x64.Build.0 = Release|x64
		{DB26D28B-5E67-482C-B515-BDC82B028136}.Release|x86.ActiveCfg = Release|Win32
		{DB26D28B-5E67-482C-B515-BDC82B028136}.Release|x86.Build.0 = Release|Win32
		{1B09318D-BA18-4558-8420-FBCD045C28CE}.Debug|x64.ActiveCfg = Debug|x64
		{1B09318D-BA18-4558-8420-FBCD045C28CE}.Debug|x64.Build.0 = Debug|x64
		{1B09318D-BA18-4558-8420-FBCD045C28CE}.Debug|x86.ActiveCfg = Debug|Win32
		{1B09318D-BA18-4558-8420-FBCD045C28CE}.Debug|x86.Build.0 = Debug|Win32
		{1B09318D-BA18-4558-8420-FBCD045C28CE}.Release|x64.ActiveCfg = Release|x64
		{1B09318D-BA18-4558-8420-FBCD045C28CE}.Release|x64.Build.0 = Release|x64
		{1B09318D-BA18-4558-8420-FBCD045C28CE}.Release|x86.ActiveCfg = Release|Win32
		{1B09318D-BA18-4558-8420-FBCD045C28CE}.Release|x86.Build.0 = Release|Win32
		{0B0EB0C3-2143-4B47-8C87-A64320235F3A}.Debug|x64.ActiveCfg = Debug|x64
		{0B0EB0C3-2143-4B47-8C87-A64320235F3A}.Debug|x64.Build.0 = Debug|x64
		{0B0EB0C3-2143-4B47-8C87-A64320235F3A}.Debug|x86.ActiveCfg = Debug|Win32
		{0B0EB0C3-2143-4B47-8C87-A64320235F3A}.Debug|x86.Build.0 = Debug|Win32
		{0B0EB0C3-2143-4B47-8C87-A64320235F3A}.Release|x64.ActiveCfg = Release|x64
		{0B0EB0C3-2143-4B47-8C87-A64320235F3A}.Release|x64.Build.0 = Release|x64
		{0B0EB0C3-2143-4B47-8C87-A64320235F3A}.Release|x86.ActiveCfg = Release|Win32
		{0B0EB0C3-2143-4B47-8C87-A64320235F3A}.Release|x86.Build.0 = Release|Win32
		{C8C6B967-83A6-457B-AA7D-41DD98D8EF31}.Debug|x64.ActiveCfg = Debug|x64
		{C8C6B967-83A6-457B-AA7D-41DD98D8EF31}.Debug|x64.Build.0 = Debug|x64
		{C8C6B967-83A6-457B-AA7D-41DD98D8EF31}.Debug|x86.ActiveCfg = Debug|Win32
		{C8C6B967-83A6-457B-AA7D-41DD98D8EF31}.Debug|x86.Build.0 = Debug|Win32
		{C8C6B967-83A6-457B-AA7D-41DD98D8EF31}.Release|x64.ActiveCfg = Release|x64
		{C8C6B967-83A6-457B-AA7D-41DD98D8EF31}.Release|x64.Build.0 = Release|x64
		{C8C6B967-83A6-457B-AA7D-41DD98D8EF31}.Release|x86.ActiveCfg = Release|Win32
		{C8C6B967-83A6-457B-AA7D-41DD98D8EF31}.Release|x86.Build.0 = Release|Win32
		{DF7AEDF4-6E66-4988-A8CE-3A8762E14262}.Debug|x64.ActiveCfg = Debug|x64
		{DF7AEDF4-6E66-4988-A8CE-3A8762E14262}.Debug|x64.Build.0 = Debug|x64
		{DF7AEDF4-6E66-4988-A8CE-3A8762E14262}.Debug|x86.ActiveCfg = Debug|Win32
		{DF7AEDF4-6E66-4988-A8CE-3A8762E14262}.Debug|x86.Build.0 = Debug|Win32
		{DF7AEDF4-6E66-4988-A8CE-3A8762E14262}.Release|x64.ActiveCfg = Release|x64
		{DF7AEDF4-6E66-4988-A8CE-3A8762E14262}.Release|x64.Build.0 = Release|x64
		{DF7AEDF4-6E66-4988-A8CE-3A8762E14262}.Release|x86.ActiveCfg = Release|Win32
		{DF7AEDF4-6E66-4988-A8CE-3A8762E14262}.Release|x86.Build.0 = Release|Win32
		{9574E4F2-6EA1-4ECC-9DDB-68281F64B2EC}.Debug|x64.ActiveCfg = Debug|x64
		{9574E4F2-6EA1-4ECC-9DDB-68281F64B2EC}.Debug|x64.Build.0 = Debug|x64
		{9574E4F2-6EA1-4ECC-9DDB-68281F64B2EC}.Debug|x86.ActiveCfg = Debug|Win32
		{9574E4F2-6EA1-4ECC-9DDB-68281F64B2EC}.Debug|x86.Build.0 = Debug|Win32
		{9574E4F2-6EA1-4ECC-9DDB-68281F64B2EC}.Release|x64.ActiveCfg = Release|x64
		{9574E4F2-6EA1-4ECC-9DDB-68281F64B2EC}.Release|x64.Build.0 = Release|x64
		{9574E4F2-6EA1-4ECC-9DDB-68281F64B2EC}.Release|x86.ActiveCfg = Release|Win32
		{9574E4F2-6EA1-4ECC-9DDB-68281F64B2EC}.Release|x86.Build.0 = Release|Win32
		{3D2C54D3-9F70-43FE-A6A9-B155811AAA40}.Debug|x64.ActiveCfg = Debug|x64
		{3D2C54D3-9F70-43FE-A6A9-B155811AAA40}.Debug|x64.Build.0 = Debug|x64
		{3D2C54D3-9F70-43FE-A6A9-B155811AAA40}.Debug|x86.ActiveCfg = Debug|Win32
		{3D2C54D3-9F70-43FE-A6A9-B155811AAA40}.Debug|x86.Build.0 = Debug|Win32
		{3D2C54D3-9F70-43FE-A6A9-B155811AAA40}.Release|x64.ActiveCfg = Release|x64
		{3D2C54D3-9F70-43FE-A6A9-B155811AAA40}.Release|x64.Build.0 = Release|x64
		{3D2C54D3-9F70-43FE-A6A9-B155811AAA40}.Release|x86.ActiveCfg = Release|Win32
		{3D2C54D3-9F70-43FE-A6A9-B155811AAA40}.Release|x86.Build.0 = Release|Win32
		{AF11C1E8-0D65-49A1-86D0-573B2158C5A4}.Debug|x64.ActiveCfg = Debug|x64
		{AF11C1E8-0D65-49A1-86D0-573B2158C5A4}.Debug|x64.Build.0 = Debug|x64
		{AF11C1E8-0D65-49A1-86D0-573B2158C5A4}.Debug|x86.ActiveCfg = Debug|Win32
		{AF11C1E8-0D65-49A1-86D0-573B2158C5A4}.Debug|x86.Build.0 = Debug|Win32
		{AF11C1E8-0D65-49A1-86D0-573B2158C5A4}.Release|x64.ActiveCfg = Release|x64
		{AF11C1E8-0D65-49A1-86D0-573B2158C5A4}.Release|x64.Build.0 = Release|x64
		{AF11C1E8-0D65-49A1-86D0-573B2158C5A4}.Release|x86.ActiveCfg = Release|Win32
		{AF11C1E8-0D65-49A1-86D0-573B2158C5A4}.Release|x86.Build.0 = Release|Win32
	EndGlobalSection
	GlobalSection(SolutionProperties) = preSolution
		HideSolutionNode = FALSE
	EndGlobalSection
	GlobalSection(ExtensibilityGlobals) = postSolution
		SolutionGuid = {D0CBEC27-6B2E-441A-B402-DB38A1F82084}
	EndGlobalSection
EndGlobal
